// !$*UTF8*$!
{
	archiveVersion = 1;
	classes = {
	};
	objectVersion = 52;
	objects = {

/* Begin PBXBuildFile section */
		1A04C07E24B884670097570B /* FeedPostImageCell.swift in Sources */ = {isa = PBXBuildFile; fileRef = 1A04C07D24B884670097570B /* FeedPostImageCell.swift */; };
		1A143EEA24695CE2001107CF /* UserListViewController.swift in Sources */ = {isa = PBXBuildFile; fileRef = 1A143EE724695CE2001107CF /* UserListViewController.swift */; };
		1A143EEB24695CE2001107CF /* UserListManager.swift in Sources */ = {isa = PBXBuildFile; fileRef = 1A143EE824695CE2001107CF /* UserListManager.swift */; };
		1A143EEC24695CE2001107CF /* UserListTableViewCell.swift in Sources */ = {isa = PBXBuildFile; fileRef = 1A143EE924695CE2001107CF /* UserListTableViewCell.swift */; };
		1A17451624D80B7E00D524C8 /* CommunityCategoryListView.swift in Sources */ = {isa = PBXBuildFile; fileRef = 1A17451524D80B7D00D524C8 /* CommunityCategoryListView.swift */; };
		1A1CD6D524A5A267002503F4 /* Log.swift in Sources */ = {isa = PBXBuildFile; fileRef = 1A1CD6D424A5A267002503F4 /* Log.swift */; };
		1A3208C8261E2DA800F470D3 /* UserUpdateManager.swift in Sources */ = {isa = PBXBuildFile; fileRef = 1A3208C7261E2DA800F470D3 /* UserUpdateManager.swift */; };
		1A320907261F21BA00F470D3 /* AmitySDK.xcframework in Frameworks */ = {isa = PBXBuildFile; fileRef = 1A320906261F21BA00F470D3 /* AmitySDK.xcframework */; };
		1A320908261F21BA00F470D3 /* AmitySDK.xcframework in Embed Frameworks */ = {isa = PBXBuildFile; fileRef = 1A320906261F21BA00F470D3 /* AmitySDK.xcframework */; settings = {ATTRIBUTES = (CodeSignOnCopy, RemoveHeadersOnCopy, ); }; };
		1A32431F249366F600BA6408 /* AppProtocols.swift in Sources */ = {isa = PBXBuildFile; fileRef = 1A32431E249366F600BA6408 /* AppProtocols.swift */; };
		1A3CC4F52456A38D008A26D0 /* MainTabViewController.swift in Sources */ = {isa = PBXBuildFile; fileRef = 1A3CC4F42456A38D008A26D0 /* MainTabViewController.swift */; };
		1A3CC4F92456A575008A26D0 /* Feed.storyboard in Resources */ = {isa = PBXBuildFile; fileRef = 1A3CC4F82456A575008A26D0 /* Feed.storyboard */; };
		1A3CC4FB2456A5A6008A26D0 /* UserPostsFeedViewController.swift in Sources */ = {isa = PBXBuildFile; fileRef = 1A3CC4FA2456A5A6008A26D0 /* UserPostsFeedViewController.swift */; };
		1A3CC4FD2456A5DC008A26D0 /* UIView+Extension.swift in Sources */ = {isa = PBXBuildFile; fileRef = 1A3CC4FC2456A5DC008A26D0 /* UIView+Extension.swift */; };
		1A3CC5042456C6BB008A26D0 /* NewUserPostsViewController.swift in Sources */ = {isa = PBXBuildFile; fileRef = 1A3CC5032456C6BB008A26D0 /* NewUserPostsViewController.swift */; };
		1A65FC3624613C5F006CBA50 /* UserPostsFeedManager.swift in Sources */ = {isa = PBXBuildFile; fileRef = 1A65FC3524613C5F006CBA50 /* UserPostsFeedManager.swift */; };
		1A76C71D25E60DCD00D4FE5E /* CommentCreateTestView.swift in Sources */ = {isa = PBXBuildFile; fileRef = 1A76C71C25E60DCD00D4FE5E /* CommentCreateTestView.swift */; };
		1A78C8F124581B9B00C79010 /* FeedModels.swift in Sources */ = {isa = PBXBuildFile; fileRef = 1A78C8F024581B9B00C79010 /* FeedModels.swift */; };
		1A79B0FA25F0938500D03E62 /* LatestCommentView.swift in Sources */ = {isa = PBXBuildFile; fileRef = 1A79B0F925F0938500D03E62 /* LatestCommentView.swift */; };
		1A7B755124BD72C600C9758D /* UserPostsFeedManager+Extension.swift in Sources */ = {isa = PBXBuildFile; fileRef = 1A7B755024BD72C600C9758D /* UserPostsFeedManager+Extension.swift */; };
		1A80D99D260A60BC00733767 /* AddTagTableViewCell.xib in Resources */ = {isa = PBXBuildFile; fileRef = 1A80D99C260A60BC00733767 /* AddTagTableViewCell.xib */; };
		1A8915B3258A2008008EEB01 /* CommunityMemberViewModel.swift in Sources */ = {isa = PBXBuildFile; fileRef = 1A8915B2258A2008008EEB01 /* CommunityMemberViewModel.swift */; };
		1A8915CE258B4351008EEB01 /* UserPermissionView.swift in Sources */ = {isa = PBXBuildFile; fileRef = 1A8915CD258B4351008EEB01 /* UserPermissionView.swift */; };
		1A8B76A82643B2920068799C /* CustomMessageView.swift in Sources */ = {isa = PBXBuildFile; fileRef = 1A8B76A72643B2920068799C /* CustomMessageView.swift */; };
		1A964598247B92A5003C40BF /* UserPostReactionsViewController.swift in Sources */ = {isa = PBXBuildFile; fileRef = 1A964597247B92A5003C40BF /* UserPostReactionsViewController.swift */; };
		1A995F102456E8120052BD66 /* FeedPostHeaderCell.swift in Sources */ = {isa = PBXBuildFile; fileRef = 1A995F0F2456E8120052BD66 /* FeedPostHeaderCell.swift */; };
		1A995F122456E8220052BD66 /* FeedPostMultilineLabelCell.swift in Sources */ = {isa = PBXBuildFile; fileRef = 1A995F112456E8220052BD66 /* FeedPostMultilineLabelCell.swift */; };
		1A995F142456E83B0052BD66 /* FeedPostFooterCell.swift in Sources */ = {isa = PBXBuildFile; fileRef = 1A995F132456E83B0052BD66 /* FeedPostFooterCell.swift */; };
		1A995F162456EAA70052BD66 /* FeedTableViewCell.swift in Sources */ = {isa = PBXBuildFile; fileRef = 1A995F152456EAA70052BD66 /* FeedTableViewCell.swift */; };
		1AA24DB8252B26A400050200 /* PostFlagManager.swift in Sources */ = {isa = PBXBuildFile; fileRef = 1AA24DB7252B26A400050200 /* PostFlagManager.swift */; };
		1AA24DBE252B28C300050200 /* ListViewController.swift in Sources */ = {isa = PBXBuildFile; fileRef = 1AA24DBD252B28C300050200 /* ListViewController.swift */; };
		1AA24DC0252B85B200050200 /* UserQueryView.swift in Sources */ = {isa = PBXBuildFile; fileRef = 1AA24DBF252B85B200050200 /* UserQueryView.swift */; };
		1AA24DE7252CA65800050200 /* UIKitImagePicker.swift in Sources */ = {isa = PBXBuildFile; fileRef = 1AA24DE6252CA65800050200 /* UIKitImagePicker.swift */; };
		1AA24DEB252CA74200050200 /* SwiftUIImagePicker.swift in Sources */ = {isa = PBXBuildFile; fileRef = 1AA24DEA252CA74200050200 /* SwiftUIImagePicker.swift */; };
		1AA24DEE252CB07600050200 /* ChannelDetailsView.swift in Sources */ = {isa = PBXBuildFile; fileRef = 1AA24DED252CB07600050200 /* ChannelDetailsView.swift */; };
		1AB90836252ECCC4001E0310 /* ApiKeyView.swift in Sources */ = {isa = PBXBuildFile; fileRef = 1AB90835252ECCC4001E0310 /* ApiKeyView.swift */; };
		1AD291D525260F9300367C99 /* ChannelUpdateView.swift in Sources */ = {isa = PBXBuildFile; fileRef = 1AD291D425260F9300367C99 /* ChannelUpdateView.swift */; };
		1AD291D7252611E500367C99 /* ChannelUpdateViewModel.swift in Sources */ = {isa = PBXBuildFile; fileRef = 1AD291D6252611E500367C99 /* ChannelUpdateViewModel.swift */; };
		1AEAF16B2567909900FF46AB /* AudioMessageHandler.swift in Sources */ = {isa = PBXBuildFile; fileRef = 1AEAF16A2567909900FF46AB /* AudioMessageHandler.swift */; };
		1AEC8C6B2522DFB200793B48 /* ChannelFilterView.swift in Sources */ = {isa = PBXBuildFile; fileRef = 1AEC8C6A2522DFB200793B48 /* ChannelFilterView.swift */; };
		1AFA446F252E260500ED1941 /* CommunityParticipationView.swift in Sources */ = {isa = PBXBuildFile; fileRef = 1AFA446E252E260500ED1941 /* CommunityParticipationView.swift */; };
		1AFFECC425380D45004B8663 /* TestController.swift in Sources */ = {isa = PBXBuildFile; fileRef = 1AFFECC325380D45004B8663 /* TestController.swift */; };
		4551E88624BC72C600E44E37 /* CommunityListViewModel.swift in Sources */ = {isa = PBXBuildFile; fileRef = 4551E88524BC72C600E44E37 /* CommunityListViewModel.swift */; };
		456D83C72490AF52005846E6 /* UserPostCommentManager.swift in Sources */ = {isa = PBXBuildFile; fileRef = 456D83C62490AF52005846E6 /* UserPostCommentManager.swift */; };
		456D83C92490BC12005846E6 /* UserPostCommentsViewController.swift in Sources */ = {isa = PBXBuildFile; fileRef = 456D83C82490BC12005846E6 /* UserPostCommentsViewController.swift */; };
		456D83CB2490DEC6005846E6 /* CommentViewCell.swift in Sources */ = {isa = PBXBuildFile; fileRef = 456D83CA2490DEC6005846E6 /* CommentViewCell.swift */; };
		458C5C9C24C984E80000D813 /* CommunityDetailView.swift in Sources */ = {isa = PBXBuildFile; fileRef = 458C5C9B24C984E80000D813 /* CommunityDetailView.swift */; };
		45920CCB24BC060400365FA1 /* CommunityEditorView.swift in Sources */ = {isa = PBXBuildFile; fileRef = 45920CCA24BC060400365FA1 /* CommunityEditorView.swift */; };
		45920CCD24BC155A00365FA1 /* AmityManager.swift in Sources */ = {isa = PBXBuildFile; fileRef = 45920CCC24BC155A00365FA1 /* AmityManager.swift */; };
		45920CD524BC3C0000365FA1 /* CommunityEditorViewModel.swift in Sources */ = {isa = PBXBuildFile; fileRef = 45920CD424BC3C0000365FA1 /* CommunityEditorViewModel.swift */; };
		45920CDE24BC56C200365FA1 /* Extensions.swift in Sources */ = {isa = PBXBuildFile; fileRef = 45920CDD24BC56C200365FA1 /* Extensions.swift */; };
		45D38CBC24CABF1600CA957E /* UserFeedItemHeaderView.swift in Sources */ = {isa = PBXBuildFile; fileRef = 45D38CB924CABF1500CA957E /* UserFeedItemHeaderView.swift */; };
		45D38CBD24CABF1600CA957E /* UserFeedItemView.swift in Sources */ = {isa = PBXBuildFile; fileRef = 45D38CBA24CABF1600CA957E /* UserFeedItemView.swift */; };
		45D4EB7024DD042000AA4EB4 /* CommunityMemberView.swift in Sources */ = {isa = PBXBuildFile; fileRef = 45D4EB6F24DD042000AA4EB4 /* CommunityMemberView.swift */; };
		45F4EE9024B825BB00AFC32E /* CommunityView.swift in Sources */ = {isa = PBXBuildFile; fileRef = 45F4EE8F24B825BB00AFC32E /* CommunityView.swift */; };
		637D7059204F26670033A53C /* Assets.xcassets in Resources */ = {isa = PBXBuildFile; fileRef = 637D704C204F26670033A53C /* Assets.xcassets */; };
		64054D0422AF681D006E1CEE /* AmityChannelType.swift in Sources */ = {isa = PBXBuildFile; fileRef = 64054D0322AF681D006E1CEE /* AmityChannelType.swift */; };
		64054D0622AF683A006E1CEE /* AmityErrorCode.swift in Sources */ = {isa = PBXBuildFile; fileRef = 64054D0522AF683A006E1CEE /* AmityErrorCode.swift */; };
		64054D0A22AFB009006E1CEE /* AmityCommentsTableViewController.swift in Sources */ = {isa = PBXBuildFile; fileRef = 64054D0822AFB009006E1CEE /* AmityCommentsTableViewController.swift */; };
		64054D0B22AFB009006E1CEE /* CommentsDataSource.swift in Sources */ = {isa = PBXBuildFile; fileRef = 64054D0922AFB009006E1CEE /* CommentsDataSource.swift */; };
		64054D0D22B0BB13006E1CEE /* CommentTableViewCell.swift in Sources */ = {isa = PBXBuildFile; fileRef = 64054D0C22B0BB13006E1CEE /* CommentTableViewCell.swift */; };
		640C63F621662A5200741FD1 /* ChannelListTableViewController.swift in Sources */ = {isa = PBXBuildFile; fileRef = 640C63F521662A5200741FD1 /* ChannelListTableViewController.swift */; };
		6419F5A722730A860028F738 /* ChannelListDataSource.swift in Sources */ = {isa = PBXBuildFile; fileRef = 6419F5A622730A860028F738 /* ChannelListDataSource.swift */; };
		6419F5AB2276B6220028F738 /* ChannelListTableViewCellConfigurator.swift in Sources */ = {isa = PBXBuildFile; fileRef = 6419F5AA2276B6220028F738 /* ChannelListTableViewCellConfigurator.swift */; };
		64215E33225DA6DC0034B04B /* MembershipListTableViewController.swift in Sources */ = {isa = PBXBuildFile; fileRef = 64215E32225DA6DC0034B04B /* MembershipListTableViewController.swift */; };
		64215E37225DBDE00034B04B /* MembershipListDataSource.swift in Sources */ = {isa = PBXBuildFile; fileRef = 64215E36225DBDE00034B04B /* MembershipListDataSource.swift */; };
		6426912F228965F300774D64 /* AmityMessagesTableViewController.swift in Sources */ = {isa = PBXBuildFile; fileRef = 6426912E228965F300774D64 /* AmityMessagesTableViewController.swift */; };
		64269132228A70E900774D64 /* FlagManager.swift in Sources */ = {isa = PBXBuildFile; fileRef = 64269131228A70E900774D64 /* FlagManager.swift */; };
		64269134228A754A00774D64 /* MessageDataSource.swift in Sources */ = {isa = PBXBuildFile; fileRef = 64269133228A754A00774D64 /* MessageDataSource.swift */; };
		643416E42269CED4006C516C /* ChannelTagsTableViewController.swift in Sources */ = {isa = PBXBuildFile; fileRef = 643416E32269CED4006C516C /* ChannelTagsTableViewController.swift */; };
		643416E72269D609006C516C /* ChannelTagsDataSource.swift in Sources */ = {isa = PBXBuildFile; fileRef = 643416E62269D609006C516C /* ChannelTagsDataSource.swift */; };
		6437EBE620C791E9007F2F4B /* QuartzCore.framework in Frameworks */ = {isa = PBXBuildFile; fileRef = 6437EBE520C791E9007F2F4B /* QuartzCore.framework */; };
		6438BDA02327AD7000A1CFFB /* GlobalSettings.storyboard in Resources */ = {isa = PBXBuildFile; fileRef = 6438BD9F2327AD7000A1CFFB /* GlobalSettings.storyboard */; };
		6438BDAC2327B43C00A1CFFB /* Home.storyboard in Resources */ = {isa = PBXBuildFile; fileRef = 6438BDAB2327B42600A1CFFB /* Home.storyboard */; };
		6438BDAE2328DC5B00A1CFFB /* Home.xcassets in Resources */ = {isa = PBXBuildFile; fileRef = 6438BDAD2328DC5B00A1CFFB /* Home.xcassets */; };
		6438BDB02328DCE000A1CFFB /* Chats.xcassets in Resources */ = {isa = PBXBuildFile; fileRef = 6438BDAF2328DCE000A1CFFB /* Chats.xcassets */; };
		6439125E20EC882D002B19F6 /* NSString+Amity.m in Sources */ = {isa = PBXBuildFile; fileRef = 6439125820EC882D002B19F6 /* NSString+Amity.m */; };
		645C934022FAD22500BB932A /* AmityChatViewController.swift in Sources */ = {isa = PBXBuildFile; fileRef = 645C933F22FAD22500BB932A /* AmityChatViewController.swift */; };
		645D36E4228C03CE003F19E0 /* UnreadCountLabelController.swift in Sources */ = {isa = PBXBuildFile; fileRef = 645D36E2228C03CE003F19E0 /* UnreadCountLabelController.swift */; };
		645D36E5228C03CE003F19E0 /* ConnectionStatusLEDViewController.swift in Sources */ = {isa = PBXBuildFile; fileRef = 645D36E3228C03CE003F19E0 /* ConnectionStatusLEDViewController.swift */; };
		646AB6FE22784A8000B71128 /* HomeViewController.swift in Sources */ = {isa = PBXBuildFile; fileRef = 646AB6FD22784A8000B71128 /* HomeViewController.swift */; };
		646AB7152281951E00B71128 /* ChannelsTableViewControllerDelegate.swift in Sources */ = {isa = PBXBuildFile; fileRef = 646AB7142281951E00B71128 /* ChannelsTableViewControllerDelegate.swift */; };
		646AB71822819D1600B71128 /* DisplayNameButtonController.swift in Sources */ = {isa = PBXBuildFile; fileRef = 646AB71722819D1600B71128 /* DisplayNameButtonController.swift */; };
		646B55AD22F02D290030C91F /* TagManager.swift in Sources */ = {isa = PBXBuildFile; fileRef = 646B55AC22F02D290030C91F /* TagManager.swift */; };
		6480449322B38EA4000DD097 /* PushNotificationState.swift in Sources */ = {isa = PBXBuildFile; fileRef = 6480449222B38EA4000DD097 /* PushNotificationState.swift */; };
		6480449522B39322000DD097 /* PushNotificationsManager.swift in Sources */ = {isa = PBXBuildFile; fileRef = 6480449422B39322000DD097 /* PushNotificationsManager.swift */; };
		6480449922B39375000DD097 /* ChannelLevelPushNotificationManager.swift in Sources */ = {isa = PBXBuildFile; fileRef = 6480449822B39375000DD097 /* ChannelLevelPushNotificationManager.swift */; };
		648E1A3C22C9F8310064CF8B /* SortingPreferenceTableViewController.swift in Sources */ = {isa = PBXBuildFile; fileRef = 648E1A3B22C9F8310064CF8B /* SortingPreferenceTableViewController.swift */; };
		649676342271B6C800F0B24B /* AmityChatTextTableViewCell.swift in Sources */ = {isa = PBXBuildFile; fileRef = 649676332271B6C800F0B24B /* AmityChatTextTableViewCell.swift */; };
		64AAAFC322B9F96600C4784B /* TextInputTableViewCell.swift in Sources */ = {isa = PBXBuildFile; fileRef = 64AAAFC222B9F96600C4784B /* TextInputTableViewCell.swift */; };
		64AAAFC522B9FA9D00C4784B /* CreateChannelTableViewController.swift in Sources */ = {isa = PBXBuildFile; fileRef = 64AAAFC422B9FA9D00C4784B /* CreateChannelTableViewController.swift */; };
		64B0D1FA2186D5F300D01FB6 /* FilterByTagPreferenceTableViewController.swift in Sources */ = {isa = PBXBuildFile; fileRef = 64B0D1F92186D5F300D01FB6 /* FilterByTagPreferenceTableViewController.swift */; };
		64B0D1FC2186FD2400D01FB6 /* UserDefaults.swift in Sources */ = {isa = PBXBuildFile; fileRef = 64B0D1FB2186FD2400D01FB6 /* UserDefaults.swift */; };
		64B50936229BE6EC001AE203 /* AppDelegate.swift in Sources */ = {isa = PBXBuildFile; fileRef = 64B50935229BE6EC001AE203 /* AppDelegate.swift */; };
		64B7821622F9667600DC223C /* ParentFilterPreferenceViewController.swift in Sources */ = {isa = PBXBuildFile; fileRef = 64B7821522F9667600DC223C /* ParentFilterPreferenceViewController.swift */; };
		64BBACA322B220DD009EC435 /* ChannelSettingsTableViewController.swift in Sources */ = {isa = PBXBuildFile; fileRef = 64BBACA222B220DD009EC435 /* ChannelSettingsTableViewController.swift */; };
		64BBACA622B22B60009EC435 /* PushNotificationsTableViewController.swift in Sources */ = {isa = PBXBuildFile; fileRef = 64BBACA522B22B60009EC435 /* PushNotificationsTableViewController.swift */; };
		64C87AC7225EF621003B6E87 /* SampleAppTableViewCell.swift in Sources */ = {isa = PBXBuildFile; fileRef = 64C87AC6225EF621003B6E87 /* SampleAppTableViewCell.swift */; };
		64D5C0A420AC40BF005B077D /* AmityChatImageTableViewCell.swift in Sources */ = {isa = PBXBuildFile; fileRef = 64D5C0A320AC40BF005B077D /* AmityChatImageTableViewCell.swift */; };
		64E1EAB422A9153C004DF57D /* MoreTableViewController.swift in Sources */ = {isa = PBXBuildFile; fileRef = 64E1EAAD22A9153C004DF57D /* MoreTableViewController.swift */; };
		64E1EAB522A9153C004DF57D /* NotificationRegistrationTableViewController.swift in Sources */ = {isa = PBXBuildFile; fileRef = 64E1EAB022A9153C004DF57D /* NotificationRegistrationTableViewController.swift */; };
		64E1EAB622A9153C004DF57D /* PushNotificationRegistrationManager.swift in Sources */ = {isa = PBXBuildFile; fileRef = 64E1EAB222A9153C004DF57D /* PushNotificationRegistrationManager.swift */; };
		64E1EAB722A9153C004DF57D /* AboutTableViewController.swift in Sources */ = {isa = PBXBuildFile; fileRef = 64E1EAB322A9153C004DF57D /* AboutTableViewController.swift */; };
		64EF25C4233094C9009700ED /* AmityKeyboardService.swift in Sources */ = {isa = PBXBuildFile; fileRef = 64EF25C3233094C9009700ED /* AmityKeyboardService.swift */; };
		7249B1772677480500721D4D /* FollowListViewController.swift in Sources */ = {isa = PBXBuildFile; fileRef = 7249B1762677480500721D4D /* FollowListViewController.swift */; };
		7249B17A26774DE000721D4D /* FollowListTableViewCell.swift in Sources */ = {isa = PBXBuildFile; fileRef = 7249B17926774DE000721D4D /* FollowListTableViewCell.swift */; };
		72865FBD25F9DB0800999EE7 /* UserLevelPushNotificationsTableViewController.swift in Sources */ = {isa = PBXBuildFile; fileRef = 72865FBC25F9DB0800999EE7 /* UserLevelPushNotificationsTableViewController.swift */; };
		72865FC325FA155400999EE7 /* SwitchTableViewCell.swift in Sources */ = {isa = PBXBuildFile; fileRef = 72865FC125FA155400999EE7 /* SwitchTableViewCell.swift */; };
		72865FEF25FB26B200999EE7 /* UserLevelPushNotificationManager.swift in Sources */ = {isa = PBXBuildFile; fileRef = 72865FEE25FB26B200999EE7 /* UserLevelPushNotificationManager.swift */; };
		72865FF125FB26D500999EE7 /* UserNotificationModuleViewModel.swift in Sources */ = {isa = PBXBuildFile; fileRef = 72865FF025FB26D500999EE7 /* UserNotificationModuleViewModel.swift */; };
		72865FF325FB286300999EE7 /* NotificationModuleTableViewCell.swift in Sources */ = {isa = PBXBuildFile; fileRef = 72865FF225FB286300999EE7 /* NotificationModuleTableViewCell.swift */; };
		729844C925C96D710026A7B9 /* ChildCommentViewCell.swift in Sources */ = {isa = PBXBuildFile; fileRef = 729844C825C96D710026A7B9 /* ChildCommentViewCell.swift */; };
		72B1C0AC2678CF6300044EE2 /* FollowInfoViewController.swift in Sources */ = {isa = PBXBuildFile; fileRef = 72B1C0AB2678CF6300044EE2 /* FollowInfoViewController.swift */; };
		787EDE9A268CE83E00D51CDB /* CommunityFeedViewModel.swift in Sources */ = {isa = PBXBuildFile; fileRef = 787EDE99268CE83E00D51CDB /* CommunityFeedViewModel.swift */; };
		787EDEA0268CEDC400D51CDB /* CommunityDetailViewModel.swift in Sources */ = {isa = PBXBuildFile; fileRef = 787EDE9F268CEDC400D51CDB /* CommunityDetailViewModel.swift */; };
		787EDEA3268D6C8400D51CDB /* CommunityFeedViewController.swift in Sources */ = {isa = PBXBuildFile; fileRef = 787EDEA1268D6C8400D51CDB /* CommunityFeedViewController.swift */; };
		787EDEA4268D6C8400D51CDB /* CommunityFeedViewController.xib in Resources */ = {isa = PBXBuildFile; fileRef = 787EDEA2268D6C8400D51CDB /* CommunityFeedViewController.xib */; };
		787EDEA8268D6E4C00D51CDB /* CommunityFeedTableViewCell.swift in Sources */ = {isa = PBXBuildFile; fileRef = 787EDEA6268D6E4C00D51CDB /* CommunityFeedTableViewCell.swift */; };
		787EDEA9268D6E4C00D51CDB /* CommunityFeedTableViewCell.xib in Resources */ = {isa = PBXBuildFile; fileRef = 787EDEA7268D6E4C00D51CDB /* CommunityFeedTableViewCell.xib */; };
		A02627BB25AC229200D43315 /* Realm.xcframework in Frameworks */ = {isa = PBXBuildFile; fileRef = A02627B925AC229200D43315 /* Realm.xcframework */; };
		A02627BC25AC229200D43315 /* Realm.xcframework in Embed Frameworks */ = {isa = PBXBuildFile; fileRef = A02627B925AC229200D43315 /* Realm.xcframework */; settings = {ATTRIBUTES = (CodeSignOnCopy, RemoveHeadersOnCopy, ); }; };
		A0E2B1F526A7E6C400F1C4D5 /* PostQuerySettingsPage.swift in Sources */ = {isa = PBXBuildFile; fileRef = A0E2B1F426A7E6C400F1C4D5 /* PostQuerySettingsPage.swift */; };
		A0E2B1F726A8005F00F1C4D5 /* PostListPage.swift in Sources */ = {isa = PBXBuildFile; fileRef = A0E2B1F626A8005F00F1C4D5 /* PostListPage.swift */; };
		A704FC602408BB16002177A1 /* StringExtension.swift in Sources */ = {isa = PBXBuildFile; fileRef = A704FC5F2408BB16002177A1 /* StringExtension.swift */; };
		A739ADC423B9B547008FBE12 /* ReactionDatasource.swift in Sources */ = {isa = PBXBuildFile; fileRef = A739ADC323B9B547008FBE12 /* ReactionDatasource.swift */; };
		A74193E223597984006D404C /* LaunchScreen.storyboard in Resources */ = {isa = PBXBuildFile; fileRef = F0D764CD2050E85300535720 /* LaunchScreen.storyboard */; };
		A74193E323597984006D404C /* SampleAppTableViewCell.xib in Resources */ = {isa = PBXBuildFile; fileRef = 64C87AC4225EF4CA003B6E87 /* SampleAppTableViewCell.xib */; };
		A74193E423597984006D404C /* Chats.storyboard in Resources */ = {isa = PBXBuildFile; fileRef = 6438BDA52327AF6A00A1CFFB /* Chats.storyboard */; };
		A74193E523597984006D404C /* ChannelSettings.storyboard in Resources */ = {isa = PBXBuildFile; fileRef = 6438BDA22327AE8400A1CFFB /* ChannelSettings.storyboard */; };
		A74193E72359A8E2006D404C /* AmityCustomViewController.swift in Sources */ = {isa = PBXBuildFile; fileRef = A74193E62359A8E2006D404C /* AmityCustomViewController.swift */; };
		A743ED94237E5CAC0086D59A /* AmityEditMessageViewController.swift in Sources */ = {isa = PBXBuildFile; fileRef = A743ED93237E5CAC0086D59A /* AmityEditMessageViewController.swift */; };
		A7481E1923B1C13900F41F59 /* AmityReactionsViewController.swift in Sources */ = {isa = PBXBuildFile; fileRef = A7481E1823B1C13900F41F59 /* AmityReactionsViewController.swift */; };
		A7481E1C23B1CA8100F41F59 /* ReactionViewCell.swift in Sources */ = {isa = PBXBuildFile; fileRef = A7481E1A23B1CA8100F41F59 /* ReactionViewCell.swift */; };
		A7481E1D23B1CA8100F41F59 /* ReactionViewCell.xib in Resources */ = {isa = PBXBuildFile; fileRef = A7481E1B23B1CA8100F41F59 /* ReactionViewCell.xib */; };
		A7A3B3B223B0D1CD00D7D7B4 /* AmityAddReactionsViewController.swift in Sources */ = {isa = PBXBuildFile; fileRef = A7A3B3B123B0D1CD00D7D7B4 /* AmityAddReactionsViewController.swift */; };
		A7AA3DE723ED3A8B004A9B54 /* AmityChannelSelectionViewController.swift in Sources */ = {isa = PBXBuildFile; fileRef = A7AA3DE623ED3A8B004A9B54 /* AmityChannelSelectionViewController.swift */; };
		A7B1842C235839B7001CCB41 /* AmityChatFileViewCell.swift in Sources */ = {isa = PBXBuildFile; fileRef = A7B1842B235839B7001CCB41 /* AmityChatFileViewCell.swift */; };
		A7B1842E23583A6C001CCB41 /* Data+Extensions.swift in Sources */ = {isa = PBXBuildFile; fileRef = A7B1842D23583A6C001CCB41 /* Data+Extensions.swift */; };
		D4EC7B9A260E491E00921A6D /* FeedPostCommentsCell.swift in Sources */ = {isa = PBXBuildFile; fileRef = D4EC7B99260E491E00921A6D /* FeedPostCommentsCell.swift */; };
		F0A1D9F72093104F0051BAC9 /* AVKit.framework in Frameworks */ = {isa = PBXBuildFile; fileRef = F0A1D9F62093104E0051BAC9 /* AVKit.framework */; };
/* End PBXBuildFile section */

/* Begin PBXCopyFilesBuildPhase section */
		A02627BF25AC229200D43315 /* Embed Frameworks */ = {
			isa = PBXCopyFilesBuildPhase;
			buildActionMask = 2147483647;
			dstPath = "";
			dstSubfolderSpec = 10;
			files = (
				A02627BC25AC229200D43315 /* Realm.xcframework in Embed Frameworks */,
				1A320908261F21BA00F470D3 /* AmitySDK.xcframework in Embed Frameworks */,
			);
			name = "Embed Frameworks";
			runOnlyForDeploymentPostprocessing = 0;
		};
/* End PBXCopyFilesBuildPhase section */

/* Begin PBXFileReference section */
		1A04C07D24B884670097570B /* FeedPostImageCell.swift */ = {isa = PBXFileReference; lastKnownFileType = sourcecode.swift; path = FeedPostImageCell.swift; sourceTree = "<group>"; };
		1A143EE724695CE2001107CF /* UserListViewController.swift */ = {isa = PBXFileReference; fileEncoding = 4; lastKnownFileType = sourcecode.swift; name = UserListViewController.swift; path = UserList/UserListViewController.swift; sourceTree = "<group>"; };
		1A143EE824695CE2001107CF /* UserListManager.swift */ = {isa = PBXFileReference; fileEncoding = 4; lastKnownFileType = sourcecode.swift; name = UserListManager.swift; path = UserList/UserListManager.swift; sourceTree = "<group>"; };
		1A143EE924695CE2001107CF /* UserListTableViewCell.swift */ = {isa = PBXFileReference; fileEncoding = 4; lastKnownFileType = sourcecode.swift; name = UserListTableViewCell.swift; path = UserList/UserListTableViewCell.swift; sourceTree = "<group>"; };
		1A17451524D80B7D00D524C8 /* CommunityCategoryListView.swift */ = {isa = PBXFileReference; lastKnownFileType = sourcecode.swift; path = CommunityCategoryListView.swift; sourceTree = "<group>"; };
		1A1CD6D424A5A267002503F4 /* Log.swift */ = {isa = PBXFileReference; lastKnownFileType = sourcecode.swift; path = Log.swift; sourceTree = "<group>"; };
		1A3208C7261E2DA800F470D3 /* UserUpdateManager.swift */ = {isa = PBXFileReference; lastKnownFileType = sourcecode.swift; path = UserUpdateManager.swift; sourceTree = "<group>"; };
		1A320906261F21BA00F470D3 /* AmitySDK.xcframework */ = {isa = PBXFileReference; lastKnownFileType = wrapper.xcframework; name = AmitySDK.xcframework; path = ../Frameworks/AmitySDK.xcframework; sourceTree = "<group>"; };
		1A32431E249366F600BA6408 /* AppProtocols.swift */ = {isa = PBXFileReference; lastKnownFileType = sourcecode.swift; path = AppProtocols.swift; sourceTree = "<group>"; };
		1A3CC4F42456A38D008A26D0 /* MainTabViewController.swift */ = {isa = PBXFileReference; lastKnownFileType = sourcecode.swift; path = MainTabViewController.swift; sourceTree = "<group>"; };
		1A3CC4F82456A575008A26D0 /* Feed.storyboard */ = {isa = PBXFileReference; lastKnownFileType = file.storyboard; path = Feed.storyboard; sourceTree = "<group>"; };
		1A3CC4FA2456A5A6008A26D0 /* UserPostsFeedViewController.swift */ = {isa = PBXFileReference; lastKnownFileType = sourcecode.swift; path = UserPostsFeedViewController.swift; sourceTree = "<group>"; };
		1A3CC4FC2456A5DC008A26D0 /* UIView+Extension.swift */ = {isa = PBXFileReference; lastKnownFileType = sourcecode.swift; path = "UIView+Extension.swift"; sourceTree = "<group>"; };
		1A3CC5032456C6BB008A26D0 /* NewUserPostsViewController.swift */ = {isa = PBXFileReference; lastKnownFileType = sourcecode.swift; path = NewUserPostsViewController.swift; sourceTree = "<group>"; };
		1A65FC3524613C5F006CBA50 /* UserPostsFeedManager.swift */ = {isa = PBXFileReference; lastKnownFileType = sourcecode.swift; path = UserPostsFeedManager.swift; sourceTree = "<group>"; };
		1A76C71C25E60DCD00D4FE5E /* CommentCreateTestView.swift */ = {isa = PBXFileReference; lastKnownFileType = sourcecode.swift; path = CommentCreateTestView.swift; sourceTree = "<group>"; };
		1A78C8F024581B9B00C79010 /* FeedModels.swift */ = {isa = PBXFileReference; lastKnownFileType = sourcecode.swift; path = FeedModels.swift; sourceTree = "<group>"; };
		1A79B0F925F0938500D03E62 /* LatestCommentView.swift */ = {isa = PBXFileReference; lastKnownFileType = sourcecode.swift; path = LatestCommentView.swift; sourceTree = "<group>"; };
		1A7B755024BD72C600C9758D /* UserPostsFeedManager+Extension.swift */ = {isa = PBXFileReference; lastKnownFileType = sourcecode.swift; path = "UserPostsFeedManager+Extension.swift"; sourceTree = "<group>"; };
		1A80D99C260A60BC00733767 /* AddTagTableViewCell.xib */ = {isa = PBXFileReference; fileEncoding = 4; lastKnownFileType = file.xib; path = AddTagTableViewCell.xib; sourceTree = "<group>"; };
		1A8915B2258A2008008EEB01 /* CommunityMemberViewModel.swift */ = {isa = PBXFileReference; lastKnownFileType = sourcecode.swift; path = CommunityMemberViewModel.swift; sourceTree = "<group>"; };
		1A8915CD258B4351008EEB01 /* UserPermissionView.swift */ = {isa = PBXFileReference; lastKnownFileType = sourcecode.swift; path = UserPermissionView.swift; sourceTree = "<group>"; };
		1A8B76A72643B2920068799C /* CustomMessageView.swift */ = {isa = PBXFileReference; lastKnownFileType = sourcecode.swift; path = CustomMessageView.swift; sourceTree = "<group>"; };
		1A964597247B92A5003C40BF /* UserPostReactionsViewController.swift */ = {isa = PBXFileReference; lastKnownFileType = sourcecode.swift; path = UserPostReactionsViewController.swift; sourceTree = "<group>"; };
		1A995F0F2456E8120052BD66 /* FeedPostHeaderCell.swift */ = {isa = PBXFileReference; lastKnownFileType = sourcecode.swift; path = FeedPostHeaderCell.swift; sourceTree = "<group>"; };
		1A995F112456E8220052BD66 /* FeedPostMultilineLabelCell.swift */ = {isa = PBXFileReference; lastKnownFileType = sourcecode.swift; path = FeedPostMultilineLabelCell.swift; sourceTree = "<group>"; };
		1A995F132456E83B0052BD66 /* FeedPostFooterCell.swift */ = {isa = PBXFileReference; lastKnownFileType = sourcecode.swift; path = FeedPostFooterCell.swift; sourceTree = "<group>"; };
		1A995F152456EAA70052BD66 /* FeedTableViewCell.swift */ = {isa = PBXFileReference; lastKnownFileType = sourcecode.swift; path = FeedTableViewCell.swift; sourceTree = "<group>"; };
		1AA24DB7252B26A400050200 /* PostFlagManager.swift */ = {isa = PBXFileReference; lastKnownFileType = sourcecode.swift; path = PostFlagManager.swift; sourceTree = "<group>"; };
		1AA24DBD252B28C300050200 /* ListViewController.swift */ = {isa = PBXFileReference; lastKnownFileType = sourcecode.swift; path = ListViewController.swift; sourceTree = "<group>"; };
		1AA24DBF252B85B200050200 /* UserQueryView.swift */ = {isa = PBXFileReference; lastKnownFileType = sourcecode.swift; path = UserQueryView.swift; sourceTree = "<group>"; };
		1AA24DE6252CA65800050200 /* UIKitImagePicker.swift */ = {isa = PBXFileReference; lastKnownFileType = sourcecode.swift; path = UIKitImagePicker.swift; sourceTree = "<group>"; };
		1AA24DEA252CA74200050200 /* SwiftUIImagePicker.swift */ = {isa = PBXFileReference; lastKnownFileType = sourcecode.swift; path = SwiftUIImagePicker.swift; sourceTree = "<group>"; };
		1AA24DED252CB07600050200 /* ChannelDetailsView.swift */ = {isa = PBXFileReference; lastKnownFileType = sourcecode.swift; path = ChannelDetailsView.swift; sourceTree = "<group>"; };
		1AB90835252ECCC4001E0310 /* ApiKeyView.swift */ = {isa = PBXFileReference; lastKnownFileType = sourcecode.swift; path = ApiKeyView.swift; sourceTree = "<group>"; };
		1AD291D425260F9300367C99 /* ChannelUpdateView.swift */ = {isa = PBXFileReference; lastKnownFileType = sourcecode.swift; path = ChannelUpdateView.swift; sourceTree = "<group>"; };
		1AD291D6252611E500367C99 /* ChannelUpdateViewModel.swift */ = {isa = PBXFileReference; lastKnownFileType = sourcecode.swift; path = ChannelUpdateViewModel.swift; sourceTree = "<group>"; };
		1AEAF16A2567909900FF46AB /* AudioMessageHandler.swift */ = {isa = PBXFileReference; lastKnownFileType = sourcecode.swift; path = AudioMessageHandler.swift; sourceTree = "<group>"; };
		1AEC8C6A2522DFB200793B48 /* ChannelFilterView.swift */ = {isa = PBXFileReference; lastKnownFileType = sourcecode.swift; path = ChannelFilterView.swift; sourceTree = "<group>"; };
		1AFA446E252E260500ED1941 /* CommunityParticipationView.swift */ = {isa = PBXFileReference; lastKnownFileType = sourcecode.swift; path = CommunityParticipationView.swift; sourceTree = "<group>"; };
		1AFFECC325380D45004B8663 /* TestController.swift */ = {isa = PBXFileReference; lastKnownFileType = sourcecode.swift; path = TestController.swift; sourceTree = "<group>"; };
		4551E88524BC72C600E44E37 /* CommunityListViewModel.swift */ = {isa = PBXFileReference; lastKnownFileType = sourcecode.swift; path = CommunityListViewModel.swift; sourceTree = "<group>"; };
		456D83C62490AF52005846E6 /* UserPostCommentManager.swift */ = {isa = PBXFileReference; lastKnownFileType = sourcecode.swift; path = UserPostCommentManager.swift; sourceTree = "<group>"; };
		456D83C82490BC12005846E6 /* UserPostCommentsViewController.swift */ = {isa = PBXFileReference; lastKnownFileType = sourcecode.swift; path = UserPostCommentsViewController.swift; sourceTree = "<group>"; };
		456D83CA2490DEC6005846E6 /* CommentViewCell.swift */ = {isa = PBXFileReference; lastKnownFileType = sourcecode.swift; path = CommentViewCell.swift; sourceTree = "<group>"; };
		458C5C9B24C984E80000D813 /* CommunityDetailView.swift */ = {isa = PBXFileReference; lastKnownFileType = sourcecode.swift; path = CommunityDetailView.swift; sourceTree = "<group>"; };
		45920CCA24BC060400365FA1 /* CommunityEditorView.swift */ = {isa = PBXFileReference; lastKnownFileType = sourcecode.swift; path = CommunityEditorView.swift; sourceTree = "<group>"; };
		45920CCC24BC155A00365FA1 /* AmityManager.swift */ = {isa = PBXFileReference; lastKnownFileType = sourcecode.swift; path = AmityManager.swift; sourceTree = "<group>"; };
		45920CD424BC3C0000365FA1 /* CommunityEditorViewModel.swift */ = {isa = PBXFileReference; lastKnownFileType = sourcecode.swift; path = CommunityEditorViewModel.swift; sourceTree = "<group>"; };
		45920CDD24BC56C200365FA1 /* Extensions.swift */ = {isa = PBXFileReference; lastKnownFileType = sourcecode.swift; path = Extensions.swift; sourceTree = "<group>"; };
		45D38CB924CABF1500CA957E /* UserFeedItemHeaderView.swift */ = {isa = PBXFileReference; fileEncoding = 4; lastKnownFileType = sourcecode.swift; path = UserFeedItemHeaderView.swift; sourceTree = "<group>"; };
		45D38CBA24CABF1600CA957E /* UserFeedItemView.swift */ = {isa = PBXFileReference; fileEncoding = 4; lastKnownFileType = sourcecode.swift; path = UserFeedItemView.swift; sourceTree = "<group>"; };
		45D4EB6F24DD042000AA4EB4 /* CommunityMemberView.swift */ = {isa = PBXFileReference; lastKnownFileType = sourcecode.swift; path = CommunityMemberView.swift; sourceTree = "<group>"; };
		45F4EE8F24B825BB00AFC32E /* CommunityView.swift */ = {isa = PBXFileReference; lastKnownFileType = sourcecode.swift; path = CommunityView.swift; sourceTree = "<group>"; };
		637D701E204F26060033A53C /* SampleApp.app */ = {isa = PBXFileReference; explicitFileType = wrapper.application; includeInIndex = 0; path = SampleApp.app; sourceTree = BUILT_PRODUCTS_DIR; };
		637D7041204F26660033A53C /* Info.plist */ = {isa = PBXFileReference; fileEncoding = 4; lastKnownFileType = text.plist.xml; path = Info.plist; sourceTree = "<group>"; };
		637D704C204F26670033A53C /* Assets.xcassets */ = {isa = PBXFileReference; lastKnownFileType = folder.assetcatalog; path = Assets.xcassets; sourceTree = "<group>"; };
		64054D0322AF681D006E1CEE /* AmityChannelType.swift */ = {isa = PBXFileReference; lastKnownFileType = sourcecode.swift; path = AmityChannelType.swift; sourceTree = "<group>"; };
		64054D0522AF683A006E1CEE /* AmityErrorCode.swift */ = {isa = PBXFileReference; lastKnownFileType = sourcecode.swift; path = AmityErrorCode.swift; sourceTree = "<group>"; };
		64054D0822AFB009006E1CEE /* AmityCommentsTableViewController.swift */ = {isa = PBXFileReference; fileEncoding = 4; lastKnownFileType = sourcecode.swift; path = AmityCommentsTableViewController.swift; sourceTree = "<group>"; };
		64054D0922AFB009006E1CEE /* CommentsDataSource.swift */ = {isa = PBXFileReference; fileEncoding = 4; lastKnownFileType = sourcecode.swift; path = CommentsDataSource.swift; sourceTree = "<group>"; };
		64054D0C22B0BB13006E1CEE /* CommentTableViewCell.swift */ = {isa = PBXFileReference; lastKnownFileType = sourcecode.swift; path = CommentTableViewCell.swift; sourceTree = "<group>"; };
		640C63F521662A5200741FD1 /* ChannelListTableViewController.swift */ = {isa = PBXFileReference; lastKnownFileType = sourcecode.swift; path = ChannelListTableViewController.swift; sourceTree = "<group>"; };
		6419F5A622730A860028F738 /* ChannelListDataSource.swift */ = {isa = PBXFileReference; lastKnownFileType = sourcecode.swift; path = ChannelListDataSource.swift; sourceTree = "<group>"; };
		6419F5AA2276B6220028F738 /* ChannelListTableViewCellConfigurator.swift */ = {isa = PBXFileReference; lastKnownFileType = sourcecode.swift; path = ChannelListTableViewCellConfigurator.swift; sourceTree = "<group>"; };
		64215E32225DA6DC0034B04B /* MembershipListTableViewController.swift */ = {isa = PBXFileReference; lastKnownFileType = sourcecode.swift; path = MembershipListTableViewController.swift; sourceTree = "<group>"; };
		64215E36225DBDE00034B04B /* MembershipListDataSource.swift */ = {isa = PBXFileReference; lastKnownFileType = sourcecode.swift; path = MembershipListDataSource.swift; sourceTree = "<group>"; };
		6426912E228965F300774D64 /* AmityMessagesTableViewController.swift */ = {isa = PBXFileReference; lastKnownFileType = sourcecode.swift; path = AmityMessagesTableViewController.swift; sourceTree = "<group>"; };
		64269131228A70E900774D64 /* FlagManager.swift */ = {isa = PBXFileReference; lastKnownFileType = sourcecode.swift; path = FlagManager.swift; sourceTree = "<group>"; };
		64269133228A754A00774D64 /* MessageDataSource.swift */ = {isa = PBXFileReference; lastKnownFileType = sourcecode.swift; path = MessageDataSource.swift; sourceTree = "<group>"; };
		643416E32269CED4006C516C /* ChannelTagsTableViewController.swift */ = {isa = PBXFileReference; lastKnownFileType = sourcecode.swift; path = ChannelTagsTableViewController.swift; sourceTree = "<group>"; };
		643416E62269D609006C516C /* ChannelTagsDataSource.swift */ = {isa = PBXFileReference; lastKnownFileType = sourcecode.swift; path = ChannelTagsDataSource.swift; sourceTree = "<group>"; };
		6437EBE520C791E9007F2F4B /* QuartzCore.framework */ = {isa = PBXFileReference; lastKnownFileType = wrapper.framework; name = QuartzCore.framework; path = System/Library/Frameworks/QuartzCore.framework; sourceTree = SDKROOT; };
		6438BD9F2327AD7000A1CFFB /* GlobalSettings.storyboard */ = {isa = PBXFileReference; fileEncoding = 4; lastKnownFileType = file.storyboard; path = GlobalSettings.storyboard; sourceTree = "<group>"; };
		6438BDA22327AE8400A1CFFB /* ChannelSettings.storyboard */ = {isa = PBXFileReference; lastKnownFileType = file.storyboard; path = ChannelSettings.storyboard; sourceTree = "<group>"; };
		6438BDA52327AF6A00A1CFFB /* Chats.storyboard */ = {isa = PBXFileReference; lastKnownFileType = file.storyboard; path = Chats.storyboard; sourceTree = "<group>"; };
		6438BDAB2327B42600A1CFFB /* Home.storyboard */ = {isa = PBXFileReference; fileEncoding = 4; lastKnownFileType = file.storyboard; path = Home.storyboard; sourceTree = "<group>"; };
		6438BDAD2328DC5B00A1CFFB /* Home.xcassets */ = {isa = PBXFileReference; lastKnownFileType = folder.assetcatalog; path = Home.xcassets; sourceTree = "<group>"; };
		6438BDAF2328DCE000A1CFFB /* Chats.xcassets */ = {isa = PBXFileReference; lastKnownFileType = folder.assetcatalog; path = Chats.xcassets; sourceTree = "<group>"; };
		6439125820EC882D002B19F6 /* NSString+Amity.m */ = {isa = PBXFileReference; fileEncoding = 4; lastKnownFileType = sourcecode.c.objc; path = "NSString+Amity.m"; sourceTree = "<group>"; };
		6439125920EC882D002B19F6 /* NSString+Amity.h */ = {isa = PBXFileReference; fileEncoding = 4; lastKnownFileType = sourcecode.c.h; path = "NSString+Amity.h"; sourceTree = "<group>"; };
		645C933F22FAD22500BB932A /* AmityChatViewController.swift */ = {isa = PBXFileReference; lastKnownFileType = sourcecode.swift; path = AmityChatViewController.swift; sourceTree = "<group>"; };
		645D36E2228C03CE003F19E0 /* UnreadCountLabelController.swift */ = {isa = PBXFileReference; fileEncoding = 4; lastKnownFileType = sourcecode.swift; path = UnreadCountLabelController.swift; sourceTree = "<group>"; };
		645D36E3228C03CE003F19E0 /* ConnectionStatusLEDViewController.swift */ = {isa = PBXFileReference; fileEncoding = 4; lastKnownFileType = sourcecode.swift; path = ConnectionStatusLEDViewController.swift; sourceTree = "<group>"; };
		646AB6FD22784A8000B71128 /* HomeViewController.swift */ = {isa = PBXFileReference; lastKnownFileType = sourcecode.swift; path = HomeViewController.swift; sourceTree = "<group>"; };
		646AB7142281951E00B71128 /* ChannelsTableViewControllerDelegate.swift */ = {isa = PBXFileReference; lastKnownFileType = sourcecode.swift; path = ChannelsTableViewControllerDelegate.swift; sourceTree = "<group>"; };
		646AB71722819D1600B71128 /* DisplayNameButtonController.swift */ = {isa = PBXFileReference; lastKnownFileType = sourcecode.swift; path = DisplayNameButtonController.swift; sourceTree = "<group>"; };
		646B55AC22F02D290030C91F /* TagManager.swift */ = {isa = PBXFileReference; lastKnownFileType = sourcecode.swift; path = TagManager.swift; sourceTree = "<group>"; };
		6480449222B38EA4000DD097 /* PushNotificationState.swift */ = {isa = PBXFileReference; lastKnownFileType = sourcecode.swift; path = PushNotificationState.swift; sourceTree = "<group>"; };
		6480449422B39322000DD097 /* PushNotificationsManager.swift */ = {isa = PBXFileReference; lastKnownFileType = sourcecode.swift; path = PushNotificationsManager.swift; sourceTree = "<group>"; };
		6480449822B39375000DD097 /* ChannelLevelPushNotificationManager.swift */ = {isa = PBXFileReference; lastKnownFileType = sourcecode.swift; path = ChannelLevelPushNotificationManager.swift; sourceTree = "<group>"; };
		648E1A3B22C9F8310064CF8B /* SortingPreferenceTableViewController.swift */ = {isa = PBXFileReference; lastKnownFileType = sourcecode.swift; path = SortingPreferenceTableViewController.swift; sourceTree = "<group>"; };
		649676332271B6C800F0B24B /* AmityChatTextTableViewCell.swift */ = {isa = PBXFileReference; lastKnownFileType = sourcecode.swift; path = AmityChatTextTableViewCell.swift; sourceTree = "<group>"; };
		64AAAFC222B9F96600C4784B /* TextInputTableViewCell.swift */ = {isa = PBXFileReference; lastKnownFileType = sourcecode.swift; path = TextInputTableViewCell.swift; sourceTree = "<group>"; };
		64AAAFC422B9FA9D00C4784B /* CreateChannelTableViewController.swift */ = {isa = PBXFileReference; lastKnownFileType = sourcecode.swift; path = CreateChannelTableViewController.swift; sourceTree = "<group>"; };
		64B0D1F92186D5F300D01FB6 /* FilterByTagPreferenceTableViewController.swift */ = {isa = PBXFileReference; lastKnownFileType = sourcecode.swift; path = FilterByTagPreferenceTableViewController.swift; sourceTree = "<group>"; };
		64B0D1FB2186FD2400D01FB6 /* UserDefaults.swift */ = {isa = PBXFileReference; lastKnownFileType = sourcecode.swift; path = UserDefaults.swift; sourceTree = "<group>"; };
		64B50934229BE3BE001AE203 /* SampleApp.entitlements */ = {isa = PBXFileReference; lastKnownFileType = text.plist.entitlements; path = SampleApp.entitlements; sourceTree = "<group>"; };
		64B50935229BE6EC001AE203 /* AppDelegate.swift */ = {isa = PBXFileReference; lastKnownFileType = sourcecode.swift; path = AppDelegate.swift; sourceTree = "<group>"; };
		64B7821522F9667600DC223C /* ParentFilterPreferenceViewController.swift */ = {isa = PBXFileReference; lastKnownFileType = sourcecode.swift; path = ParentFilterPreferenceViewController.swift; sourceTree = "<group>"; };
		64BBACA222B220DD009EC435 /* ChannelSettingsTableViewController.swift */ = {isa = PBXFileReference; lastKnownFileType = sourcecode.swift; path = ChannelSettingsTableViewController.swift; sourceTree = "<group>"; };
		64BBACA522B22B60009EC435 /* PushNotificationsTableViewController.swift */ = {isa = PBXFileReference; lastKnownFileType = sourcecode.swift; path = PushNotificationsTableViewController.swift; sourceTree = "<group>"; };
		64C87AC4225EF4CA003B6E87 /* SampleAppTableViewCell.xib */ = {isa = PBXFileReference; lastKnownFileType = file.xib; path = SampleAppTableViewCell.xib; sourceTree = "<group>"; };
		64C87AC6225EF621003B6E87 /* SampleAppTableViewCell.swift */ = {isa = PBXFileReference; lastKnownFileType = sourcecode.swift; name = SampleAppTableViewCell.swift; path = SampleApp/Shared/SampleAppTableViewCell.swift; sourceTree = SOURCE_ROOT; };
		64D5C0A220AC40BF005B077D /* SampleApp-Bridging-Header.h */ = {isa = PBXFileReference; lastKnownFileType = sourcecode.c.h; path = "SampleApp-Bridging-Header.h"; sourceTree = "<group>"; };
		64D5C0A320AC40BF005B077D /* AmityChatImageTableViewCell.swift */ = {isa = PBXFileReference; lastKnownFileType = sourcecode.swift; path = AmityChatImageTableViewCell.swift; sourceTree = "<group>"; };
		64D5C0A820AC4E22005B077D /* AmityChatTableViewCell.h */ = {isa = PBXFileReference; lastKnownFileType = sourcecode.c.h; path = AmityChatTableViewCell.h; sourceTree = "<group>"; };
		64E1EAAD22A9153C004DF57D /* MoreTableViewController.swift */ = {isa = PBXFileReference; fileEncoding = 4; lastKnownFileType = sourcecode.swift; path = MoreTableViewController.swift; sourceTree = "<group>"; };
		64E1EAB022A9153C004DF57D /* NotificationRegistrationTableViewController.swift */ = {isa = PBXFileReference; fileEncoding = 4; lastKnownFileType = sourcecode.swift; path = NotificationRegistrationTableViewController.swift; sourceTree = "<group>"; };
		64E1EAB222A9153C004DF57D /* PushNotificationRegistrationManager.swift */ = {isa = PBXFileReference; fileEncoding = 4; lastKnownFileType = sourcecode.swift; path = PushNotificationRegistrationManager.swift; sourceTree = "<group>"; };
		64E1EAB322A9153C004DF57D /* AboutTableViewController.swift */ = {isa = PBXFileReference; fileEncoding = 4; lastKnownFileType = sourcecode.swift; path = AboutTableViewController.swift; sourceTree = "<group>"; };
		64EF25C3233094C9009700ED /* AmityKeyboardService.swift */ = {isa = PBXFileReference; lastKnownFileType = sourcecode.swift; path = AmityKeyboardService.swift; sourceTree = "<group>"; };
		7249B1762677480500721D4D /* FollowListViewController.swift */ = {isa = PBXFileReference; lastKnownFileType = sourcecode.swift; path = FollowListViewController.swift; sourceTree = "<group>"; };
		7249B17926774DE000721D4D /* FollowListTableViewCell.swift */ = {isa = PBXFileReference; lastKnownFileType = sourcecode.swift; path = FollowListTableViewCell.swift; sourceTree = "<group>"; };
		72865FBC25F9DB0800999EE7 /* UserLevelPushNotificationsTableViewController.swift */ = {isa = PBXFileReference; lastKnownFileType = sourcecode.swift; path = UserLevelPushNotificationsTableViewController.swift; sourceTree = "<group>"; };
		72865FC125FA155400999EE7 /* SwitchTableViewCell.swift */ = {isa = PBXFileReference; lastKnownFileType = sourcecode.swift; path = SwitchTableViewCell.swift; sourceTree = "<group>"; };
		72865FEE25FB26B200999EE7 /* UserLevelPushNotificationManager.swift */ = {isa = PBXFileReference; lastKnownFileType = sourcecode.swift; path = UserLevelPushNotificationManager.swift; sourceTree = "<group>"; };
		72865FF025FB26D500999EE7 /* UserNotificationModuleViewModel.swift */ = {isa = PBXFileReference; lastKnownFileType = sourcecode.swift; path = UserNotificationModuleViewModel.swift; sourceTree = "<group>"; };
		72865FF225FB286300999EE7 /* NotificationModuleTableViewCell.swift */ = {isa = PBXFileReference; lastKnownFileType = sourcecode.swift; path = NotificationModuleTableViewCell.swift; sourceTree = "<group>"; };
		729844C825C96D710026A7B9 /* ChildCommentViewCell.swift */ = {isa = PBXFileReference; lastKnownFileType = sourcecode.swift; path = ChildCommentViewCell.swift; sourceTree = "<group>"; };
		72B1C0AB2678CF6300044EE2 /* FollowInfoViewController.swift */ = {isa = PBXFileReference; lastKnownFileType = sourcecode.swift; path = FollowInfoViewController.swift; sourceTree = "<group>"; };
		787EDE99268CE83E00D51CDB /* CommunityFeedViewModel.swift */ = {isa = PBXFileReference; lastKnownFileType = sourcecode.swift; path = CommunityFeedViewModel.swift; sourceTree = "<group>"; };
		787EDE9F268CEDC400D51CDB /* CommunityDetailViewModel.swift */ = {isa = PBXFileReference; fileEncoding = 4; lastKnownFileType = sourcecode.swift; path = CommunityDetailViewModel.swift; sourceTree = "<group>"; };
		787EDEA1268D6C8400D51CDB /* CommunityFeedViewController.swift */ = {isa = PBXFileReference; lastKnownFileType = sourcecode.swift; path = CommunityFeedViewController.swift; sourceTree = "<group>"; };
		787EDEA2268D6C8400D51CDB /* CommunityFeedViewController.xib */ = {isa = PBXFileReference; lastKnownFileType = file.xib; path = CommunityFeedViewController.xib; sourceTree = "<group>"; };
		787EDEA6268D6E4C00D51CDB /* CommunityFeedTableViewCell.swift */ = {isa = PBXFileReference; lastKnownFileType = sourcecode.swift; path = CommunityFeedTableViewCell.swift; sourceTree = "<group>"; };
		787EDEA7268D6E4C00D51CDB /* CommunityFeedTableViewCell.xib */ = {isa = PBXFileReference; lastKnownFileType = file.xib; path = CommunityFeedTableViewCell.xib; sourceTree = "<group>"; };
		A02627B925AC229200D43315 /* Realm.xcframework */ = {isa = PBXFileReference; lastKnownFileType = wrapper.xcframework; name = Realm.xcframework; path = ../Frameworks/Realm.xcframework; sourceTree = "<group>"; };
		A0E2B1F426A7E6C400F1C4D5 /* PostQuerySettingsPage.swift */ = {isa = PBXFileReference; lastKnownFileType = sourcecode.swift; path = PostQuerySettingsPage.swift; sourceTree = "<group>"; };
		A0E2B1F626A8005F00F1C4D5 /* PostListPage.swift */ = {isa = PBXFileReference; lastKnownFileType = sourcecode.swift; path = PostListPage.swift; sourceTree = "<group>"; };
		A704FC5F2408BB16002177A1 /* StringExtension.swift */ = {isa = PBXFileReference; lastKnownFileType = sourcecode.swift; path = StringExtension.swift; sourceTree = "<group>"; };
		A739ADC323B9B547008FBE12 /* ReactionDatasource.swift */ = {isa = PBXFileReference; lastKnownFileType = sourcecode.swift; path = ReactionDatasource.swift; sourceTree = "<group>"; };
		A74193E62359A8E2006D404C /* AmityCustomViewController.swift */ = {isa = PBXFileReference; lastKnownFileType = sourcecode.swift; path = AmityCustomViewController.swift; sourceTree = "<group>"; };
		A743ED93237E5CAC0086D59A /* AmityEditMessageViewController.swift */ = {isa = PBXFileReference; lastKnownFileType = sourcecode.swift; path = AmityEditMessageViewController.swift; sourceTree = "<group>"; };
		A7481E1823B1C13900F41F59 /* AmityReactionsViewController.swift */ = {isa = PBXFileReference; lastKnownFileType = sourcecode.swift; path = AmityReactionsViewController.swift; sourceTree = "<group>"; };
		A7481E1A23B1CA8100F41F59 /* ReactionViewCell.swift */ = {isa = PBXFileReference; lastKnownFileType = sourcecode.swift; path = ReactionViewCell.swift; sourceTree = "<group>"; };
		A7481E1B23B1CA8100F41F59 /* ReactionViewCell.xib */ = {isa = PBXFileReference; lastKnownFileType = file.xib; path = ReactionViewCell.xib; sourceTree = "<group>"; };
		A7A3B3B123B0D1CD00D7D7B4 /* AmityAddReactionsViewController.swift */ = {isa = PBXFileReference; lastKnownFileType = sourcecode.swift; path = AmityAddReactionsViewController.swift; sourceTree = "<group>"; };
		A7AA3DE623ED3A8B004A9B54 /* AmityChannelSelectionViewController.swift */ = {isa = PBXFileReference; lastKnownFileType = sourcecode.swift; path = AmityChannelSelectionViewController.swift; sourceTree = "<group>"; };
		A7B1842B235839B7001CCB41 /* AmityChatFileViewCell.swift */ = {isa = PBXFileReference; lastKnownFileType = sourcecode.swift; path = AmityChatFileViewCell.swift; sourceTree = "<group>"; };
		A7B1842D23583A6C001CCB41 /* Data+Extensions.swift */ = {isa = PBXFileReference; lastKnownFileType = sourcecode.swift; path = "Data+Extensions.swift"; sourceTree = "<group>"; };
		D4EC7B99260E491E00921A6D /* FeedPostCommentsCell.swift */ = {isa = PBXFileReference; lastKnownFileType = sourcecode.swift; path = FeedPostCommentsCell.swift; sourceTree = "<group>"; };
		F0A1D9F42093103F0051BAC9 /* AVFoundation.framework */ = {isa = PBXFileReference; lastKnownFileType = wrapper.framework; name = AVFoundation.framework; path = System/Library/Frameworks/AVFoundation.framework; sourceTree = SDKROOT; };
		F0A1D9F62093104E0051BAC9 /* AVKit.framework */ = {isa = PBXFileReference; lastKnownFileType = wrapper.framework; name = AVKit.framework; path = System/Library/Frameworks/AVKit.framework; sourceTree = SDKROOT; };
		F0D764CD2050E85300535720 /* LaunchScreen.storyboard */ = {isa = PBXFileReference; lastKnownFileType = file.storyboard; path = LaunchScreen.storyboard; sourceTree = "<group>"; };
/* End PBXFileReference section */

/* Begin PBXFrameworksBuildPhase section */
		637D701B204F26060033A53C /* Frameworks */ = {
			isa = PBXFrameworksBuildPhase;
			buildActionMask = 2147483647;
			files = (
				6437EBE620C791E9007F2F4B /* QuartzCore.framework in Frameworks */,
				1A320907261F21BA00F470D3 /* AmitySDK.xcframework in Frameworks */,
				F0A1D9F72093104F0051BAC9 /* AVKit.framework in Frameworks */,
				A02627BB25AC229200D43315 /* Realm.xcframework in Frameworks */,
			);
			runOnlyForDeploymentPostprocessing = 0;
		};
/* End PBXFrameworksBuildPhase section */

/* Begin PBXGroup section */
		1A143EE624695CD0001107CF /* UserList */ = {
			isa = PBXGroup;
			children = (
				1A143EE824695CE2001107CF /* UserListManager.swift */,
				1A143EE924695CE2001107CF /* UserListTableViewCell.swift */,
				1A143EE724695CE2001107CF /* UserListViewController.swift */,
				1AA24DBF252B85B200050200 /* UserQueryView.swift */,
				1A8915CD258B4351008EEB01 /* UserPermissionView.swift */,
			);
			name = UserList;
			sourceTree = "<group>";
		};
		1A3208C6261E2D9600F470D3 /* User */ = {
			isa = PBXGroup;
			children = (
				1A3208C7261E2DA800F470D3 /* UserUpdateManager.swift */,
			);
			path = User;
			sourceTree = "<group>";
		};
		1A3CC4ED24569563008A26D0 /* Modules */ = {
			isa = PBXGroup;
			children = (
				64ED5F2522C4BB710018BE77 /* ApiKey */,
				1AA24DE9252CA73300050200 /* ImagePicker */,
				45F4EE8E24B8257E00AFC32E /* Community */,
				7249B17826774DC300721D4D /* FollowList */,
				1A143EE624695CD0001107CF /* UserList */,
				1A3CC4EE24569569008A26D0 /* Feed */,
				A0E2B1F326A7E66D00F1C4D5 /* Post */,
				1A3CC4F42456A38D008A26D0 /* MainTabViewController.swift */,
				1AA24DED252CB07600050200 /* ChannelDetailsView.swift */,
				1AFFECC325380D45004B8663 /* TestController.swift */,
				1A76C71C25E60DCD00D4FE5E /* CommentCreateTestView.swift */,
				1A79B0F925F0938500D03E62 /* LatestCommentView.swift */,
			);
			path = Modules;
			sourceTree = "<group>";
		};
		1A3CC4EE24569569008A26D0 /* Feed */ = {
			isa = PBXGroup;
			children = (
				1A78C8EF24581B9100C79010 /* Models */,
				1A3CC5062456D8E6008A26D0 /* Cells */,
				1A3CC4FA2456A5A6008A26D0 /* UserPostsFeedViewController.swift */,
				1A3CC5032456C6BB008A26D0 /* NewUserPostsViewController.swift */,
				1A65FC3524613C5F006CBA50 /* UserPostsFeedManager.swift */,
				1A964597247B92A5003C40BF /* UserPostReactionsViewController.swift */,
				456D83C62490AF52005846E6 /* UserPostCommentManager.swift */,
				456D83C82490BC12005846E6 /* UserPostCommentsViewController.swift */,
				1A7B755024BD72C600C9758D /* UserPostsFeedManager+Extension.swift */,
				1AA24DB7252B26A400050200 /* PostFlagManager.swift */,
			);
			path = Feed;
			sourceTree = "<group>";
		};
		1A3CC4F62456A55B008A26D0 /* SupportingFiles */ = {
			isa = PBXGroup;
			children = (
				637D704C204F26670033A53C /* Assets.xcassets */,
				F0D764CD2050E85300535720 /* LaunchScreen.storyboard */,
				64B50935229BE6EC001AE203 /* AppDelegate.swift */,
				1A3CC4F72456A567008A26D0 /* Storyboards */,
			);
			path = SupportingFiles;
			sourceTree = "<group>";
		};
		1A3CC4F72456A567008A26D0 /* Storyboards */ = {
			isa = PBXGroup;
			children = (
				1A3CC4F82456A575008A26D0 /* Feed.storyboard */,
			);
			path = Storyboards;
			sourceTree = "<group>";
		};
		1A3CC5062456D8E6008A26D0 /* Cells */ = {
			isa = PBXGroup;
			children = (
				1A995F0F2456E8120052BD66 /* FeedPostHeaderCell.swift */,
				1A995F112456E8220052BD66 /* FeedPostMultilineLabelCell.swift */,
				1A995F132456E83B0052BD66 /* FeedPostFooterCell.swift */,
				1A995F152456EAA70052BD66 /* FeedTableViewCell.swift */,
				456D83CA2490DEC6005846E6 /* CommentViewCell.swift */,
				729844C825C96D710026A7B9 /* ChildCommentViewCell.swift */,
				1A04C07D24B884670097570B /* FeedPostImageCell.swift */,
				D4EC7B99260E491E00921A6D /* FeedPostCommentsCell.swift */,
			);
			path = Cells;
			sourceTree = "<group>";
		};
		1A78C8EF24581B9100C79010 /* Models */ = {
			isa = PBXGroup;
			children = (
				1A78C8F024581B9B00C79010 /* FeedModels.swift */,
			);
			path = Models;
			sourceTree = "<group>";
		};
		1AA24DE9252CA73300050200 /* ImagePicker */ = {
			isa = PBXGroup;
			children = (
				1AA24DE6252CA65800050200 /* UIKitImagePicker.swift */,
				1AA24DEA252CA74200050200 /* SwiftUIImagePicker.swift */,
			);
			path = ImagePicker;
			sourceTree = "<group>";
		};
		45920CD324BC3BF100365FA1 /* ViewModel */ = {
			isa = PBXGroup;
			children = (
				45920CD424BC3C0000365FA1 /* CommunityEditorViewModel.swift */,
				4551E88524BC72C600E44E37 /* CommunityListViewModel.swift */,
				787EDE9F268CEDC400D51CDB /* CommunityDetailViewModel.swift */,
				787EDE99268CE83E00D51CDB /* CommunityFeedViewModel.swift */,
			);
			path = ViewModel;
			sourceTree = "<group>";
		};
		45F4EE8E24B8257E00AFC32E /* Community */ = {
			isa = PBXGroup;
			children = (
				45D38CB924CABF1500CA957E /* UserFeedItemHeaderView.swift */,
				45D38CBA24CABF1600CA957E /* UserFeedItemView.swift */,
				45920CD324BC3BF100365FA1 /* ViewModel */,
				45F4EE8F24B825BB00AFC32E /* CommunityView.swift */,
				45920CCA24BC060400365FA1 /* CommunityEditorView.swift */,
				458C5C9B24C984E80000D813 /* CommunityDetailView.swift */,
				45D4EB6F24DD042000AA4EB4 /* CommunityMemberView.swift */,
				1A17451524D80B7D00D524C8 /* CommunityCategoryListView.swift */,
				1AFA446E252E260500ED1941 /* CommunityParticipationView.swift */,
				1A8915B2258A2008008EEB01 /* CommunityMemberViewModel.swift */,
				787EDEA1268D6C8400D51CDB /* CommunityFeedViewController.swift */,
				787EDEA2268D6C8400D51CDB /* CommunityFeedViewController.xib */,
				787EDEA5268D6E3D00D51CDB /* Cell */,
			);
			path = Community;
			sourceTree = "<group>";
		};
		637D7015204F26060033A53C = {
			isa = PBXGroup;
			children = (
				637D7020204F26060033A53C /* SampleApp */,
				637D701F204F26060033A53C /* Products */,
				F0A1D9F32093103F0051BAC9 /* Frameworks */,
			);
			sourceTree = "<group>";
		};
		637D701F204F26060033A53C /* Products */ = {
			isa = PBXGroup;
			children = (
				637D701E204F26060033A53C /* SampleApp.app */,
			);
			name = Products;
			sourceTree = "<group>";
		};
		637D7020204F26060033A53C /* SampleApp */ = {
			isa = PBXGroup;
			children = (
				1A3208C6261E2D9600F470D3 /* User */,
				1A3CC4ED24569563008A26D0 /* Modules */,
				64B50934229BE3BE001AE203 /* SampleApp.entitlements */,
				64B5093A229BE8CB001AE203 /* Extensions */,
				6439125720EC882D002B19F6 /* Protocols */,
				64E1EAAC22A9153C004DF57D /* MoreTableViewController */,
				64C87AC8225EF64D003B6E87 /* Shared */,
				64D5C09E20AC2F6B005B077D /* EkoChatViewController */,
				64D5C09D20AC2F4A005B077D /* HomeViewController */,
				1A3CC4F62456A55B008A26D0 /* SupportingFiles */,
				1A1CD6D424A5A267002503F4 /* Log.swift */,
				45920CCC24BC155A00365FA1 /* AmityManager.swift */,
				1AA24DBD252B28C300050200 /* ListViewController.swift */,
				637D7041204F26660033A53C /* Info.plist */,
			);
			path = SampleApp;
			sourceTree = "<group>";
		};
		64054D0722AFAFDB006E1CEE /* EkoCommentsTableViewController */ = {
			isa = PBXGroup;
			children = (
				64054D0822AFB009006E1CEE /* AmityCommentsTableViewController.swift */,
				64054D0922AFB009006E1CEE /* CommentsDataSource.swift */,
				64054D0C22B0BB13006E1CEE /* CommentTableViewCell.swift */,
			);
			path = EkoCommentsTableViewController;
			sourceTree = "<group>";
		};
		6409CC4B22B9F926005D4F95 /* CreateChannelTableViewController */ = {
			isa = PBXGroup;
			children = (
				64AAAFC122B9F94F00C4784B /* Cells */,
				64AAAFC422B9FA9D00C4784B /* CreateChannelTableViewController.swift */,
				A7AA3DE623ED3A8B004A9B54 /* AmityChannelSelectionViewController.swift */,
			);
			path = CreateChannelTableViewController;
			sourceTree = "<group>";
		};
		6419F5A922730AE70028F738 /* ChannelsTableViewController */ = {
			isa = PBXGroup;
			children = (
				1A80D99C260A60BC00733767 /* AddTagTableViewCell.xib */,
				640C63F521662A5200741FD1 /* ChannelListTableViewController.swift */,
				6419F5AA2276B6220028F738 /* ChannelListTableViewCellConfigurator.swift */,
				6419F5A622730A860028F738 /* ChannelListDataSource.swift */,
			);
			path = ChannelsTableViewController;
			sourceTree = "<group>";
		};
		64215E31225DA6C80034B04B /* MembershipListViewController */ = {
			isa = PBXGroup;
			children = (
				64215E32225DA6DC0034B04B /* MembershipListTableViewController.swift */,
				64215E36225DBDE00034B04B /* MembershipListDataSource.swift */,
			);
			path = MembershipListViewController;
			sourceTree = "<group>";
		};
		64269130228A70C100774D64 /* Utilities */ = {
			isa = PBXGroup;
			children = (
				64269131228A70E900774D64 /* FlagManager.swift */,
				646B55AC22F02D290030C91F /* TagManager.swift */,
			);
			path = Utilities;
			sourceTree = "<group>";
		};
		643416E52269D5F8006C516C /* ChannelTagsTableViewController */ = {
			isa = PBXGroup;
			children = (
				643416E32269CED4006C516C /* ChannelTagsTableViewController.swift */,
				643416E62269D609006C516C /* ChannelTagsDataSource.swift */,
			);
			path = ChannelTagsTableViewController;
			sourceTree = "<group>";
		};
		6439125720EC882D002B19F6 /* Protocols */ = {
			isa = PBXGroup;
			children = (
				1A32431E249366F600BA6408 /* AppProtocols.swift */,
			);
			path = Protocols;
			sourceTree = "<group>";
		};
		646AB7132281950700B71128 /* Protocols */ = {
			isa = PBXGroup;
			children = (
				646AB7142281951E00B71128 /* ChannelsTableViewControllerDelegate.swift */,
			);
			path = Protocols;
			sourceTree = "<group>";
		};
		646AB71622819D0300B71128 /* Utilities */ = {
			isa = PBXGroup;
			children = (
				645D36E3228C03CE003F19E0 /* ConnectionStatusLEDViewController.swift */,
				645D36E2228C03CE003F19E0 /* UnreadCountLabelController.swift */,
				646AB71722819D1600B71128 /* DisplayNameButtonController.swift */,
			);
			path = Utilities;
			sourceTree = "<group>";
		};
		64AAAFC122B9F94F00C4784B /* Cells */ = {
			isa = PBXGroup;
			children = (
				64AAAFC222B9F96600C4784B /* TextInputTableViewCell.swift */,
			);
			path = Cells;
			sourceTree = "<group>";
		};
		64B5093A229BE8CB001AE203 /* Extensions */ = {
			isa = PBXGroup;
			children = (
				64B0D1FB2186FD2400D01FB6 /* UserDefaults.swift */,
				6439125820EC882D002B19F6 /* NSString+Amity.m */,
				6439125920EC882D002B19F6 /* NSString+Amity.h */,
				64054D0322AF681D006E1CEE /* AmityChannelType.swift */,
				64054D0522AF683A006E1CEE /* AmityErrorCode.swift */,
				A7B1842D23583A6C001CCB41 /* Data+Extensions.swift */,
				A704FC5F2408BB16002177A1 /* StringExtension.swift */,
				1A3CC4FC2456A5DC008A26D0 /* UIView+Extension.swift */,
				45920CDD24BC56C200365FA1 /* Extensions.swift */,
			);
			path = Extensions;
			sourceTree = "<group>";
		};
		64BBACA122B220B2009EC435 /* ChannelSettingsViewController */ = {
			isa = PBXGroup;
			children = (
				6438BDA22327AE8400A1CFFB /* ChannelSettings.storyboard */,
				648E1A3B22C9F8310064CF8B /* SortingPreferenceTableViewController.swift */,
				64BBACA422B22B38009EC435 /* PushNotificationsTableViewController */,
				64215E31225DA6C80034B04B /* MembershipListViewController */,
				643416E52269D5F8006C516C /* ChannelTagsTableViewController */,
				64BBACA222B220DD009EC435 /* ChannelSettingsTableViewController.swift */,
				64B0D1F92186D5F300D01FB6 /* FilterByTagPreferenceTableViewController.swift */,
				64B7821522F9667600DC223C /* ParentFilterPreferenceViewController.swift */,
			);
			path = ChannelSettingsViewController;
			sourceTree = "<group>";
		};
		64BBACA422B22B38009EC435 /* PushNotificationsTableViewController */ = {
			isa = PBXGroup;
			children = (
				64BBACA522B22B60009EC435 /* PushNotificationsTableViewController.swift */,
			);
			path = PushNotificationsTableViewController;
			sourceTree = "<group>";
		};
		64C87AC8225EF64D003B6E87 /* Shared */ = {
			isa = PBXGroup;
			children = (
				64C87AC4225EF4CA003B6E87 /* SampleAppTableViewCell.xib */,
				64C87AC6225EF621003B6E87 /* SampleAppTableViewCell.swift */,
				A7481E1A23B1CA8100F41F59 /* ReactionViewCell.swift */,
				A7481E1B23B1CA8100F41F59 /* ReactionViewCell.xib */,
			);
			path = Shared;
			sourceTree = "<group>";
		};
		64D5C09D20AC2F4A005B077D /* HomeViewController */ = {
			isa = PBXGroup;
			children = (
				6438BDAB2327B42600A1CFFB /* Home.storyboard */,
				6438BDAD2328DC5B00A1CFFB /* Home.xcassets */,
				6409CC4B22B9F926005D4F95 /* CreateChannelTableViewController */,
				646AB7132281950700B71128 /* Protocols */,
				646AB71622819D0300B71128 /* Utilities */,
				6419F5A922730AE70028F738 /* ChannelsTableViewController */,
				646AB6FD22784A8000B71128 /* HomeViewController.swift */,
				1AEC8C6A2522DFB200793B48 /* ChannelFilterView.swift */,
				1AD291D425260F9300367C99 /* ChannelUpdateView.swift */,
				1AD291D6252611E500367C99 /* ChannelUpdateViewModel.swift */,
			);
			path = HomeViewController;
			sourceTree = "<group>";
		};
		64D5C09E20AC2F6B005B077D /* EkoChatViewController */ = {
			isa = PBXGroup;
			children = (
				6438BDA52327AF6A00A1CFFB /* Chats.storyboard */,
				6438BDAF2328DCE000A1CFFB /* Chats.xcassets */,
				64054D0722AFAFDB006E1CEE /* EkoCommentsTableViewController */,
				64D5C09F20AC2F82005B077D /* EkoMessagesTableViewController */,
				64BBACA122B220B2009EC435 /* ChannelSettingsViewController */,
				A743ED92237E5B040086D59A /* EkoEditViewController */,
				64EF25C3233094C9009700ED /* AmityKeyboardService.swift */,
				645C933F22FAD22500BB932A /* AmityChatViewController.swift */,
				A74193E62359A8E2006D404C /* AmityCustomViewController.swift */,
				A7A3B3B123B0D1CD00D7D7B4 /* AmityAddReactionsViewController.swift */,
				A7481E1823B1C13900F41F59 /* AmityReactionsViewController.swift */,
				1AEAF16A2567909900FF46AB /* AudioMessageHandler.swift */,
				1A8B76A72643B2920068799C /* CustomMessageView.swift */,
			);
			path = EkoChatViewController;
			sourceTree = "<group>";
		};
		64D5C09F20AC2F82005B077D /* EkoMessagesTableViewController */ = {
			isa = PBXGroup;
			children = (
				64D5C0A120AC408B005B077D /* Cells */,
				64269130228A70C100774D64 /* Utilities */,
				6426912E228965F300774D64 /* AmityMessagesTableViewController.swift */,
				64269133228A754A00774D64 /* MessageDataSource.swift */,
				A739ADC323B9B547008FBE12 /* ReactionDatasource.swift */,
			);
			path = EkoMessagesTableViewController;
			sourceTree = "<group>";
		};
		64D5C0A120AC408B005B077D /* Cells */ = {
			isa = PBXGroup;
			children = (
				64D5C0A820AC4E22005B077D /* AmityChatTableViewCell.h */,
				64D5C0A320AC40BF005B077D /* AmityChatImageTableViewCell.swift */,
				649676332271B6C800F0B24B /* AmityChatTextTableViewCell.swift */,
				64D5C0A220AC40BF005B077D /* SampleApp-Bridging-Header.h */,
				A7B1842B235839B7001CCB41 /* AmityChatFileViewCell.swift */,
			);
			path = Cells;
			sourceTree = "<group>";
		};
		64E1EAAC22A9153C004DF57D /* MoreTableViewController */ = {
			isa = PBXGroup;
			children = (
				6438BD9F2327AD7000A1CFFB /* GlobalSettings.storyboard */,
				64E1EAAD22A9153C004DF57D /* MoreTableViewController.swift */,
				64E1EAAF22A9153C004DF57D /* NotificationRegistrationTableViewController */,
				72865FB825F9D8CD00999EE7 /* UserLevelPushNotification */,
				64E1EAAE22A9153C004DF57D /* AboutTableViewController */,
			);
			path = MoreTableViewController;
			sourceTree = "<group>";
		};
		64E1EAAE22A9153C004DF57D /* AboutTableViewController */ = {
			isa = PBXGroup;
			children = (
				64E1EAB322A9153C004DF57D /* AboutTableViewController.swift */,
			);
			path = AboutTableViewController;
			sourceTree = "<group>";
		};
		64E1EAAF22A9153C004DF57D /* NotificationRegistrationTableViewController */ = {
			isa = PBXGroup;
			children = (
				64E1EAB022A9153C004DF57D /* NotificationRegistrationTableViewController.swift */,
				64E1EAB122A9153C004DF57D /* Utilities */,
			);
			path = NotificationRegistrationTableViewController;
			sourceTree = "<group>";
		};
		64E1EAB122A9153C004DF57D /* Utilities */ = {
			isa = PBXGroup;
			children = (
				64E1EAB222A9153C004DF57D /* PushNotificationRegistrationManager.swift */,
				6480449222B38EA4000DD097 /* PushNotificationState.swift */,
				6480449422B39322000DD097 /* PushNotificationsManager.swift */,
				6480449822B39375000DD097 /* ChannelLevelPushNotificationManager.swift */,
			);
			path = Utilities;
			sourceTree = "<group>";
		};
		64ED5F2522C4BB710018BE77 /* ApiKey */ = {
			isa = PBXGroup;
			children = (
				1AB90835252ECCC4001E0310 /* ApiKeyView.swift */,
			);
			path = ApiKey;
			sourceTree = "<group>";
		};
		7249B17826774DC300721D4D /* FollowList */ = {
			isa = PBXGroup;
			children = (
				7249B1762677480500721D4D /* FollowListViewController.swift */,
				7249B17926774DE000721D4D /* FollowListTableViewCell.swift */,
				72B1C0AB2678CF6300044EE2 /* FollowInfoViewController.swift */,
			);
			path = FollowList;
			sourceTree = "<group>";
		};
		72865FB825F9D8CD00999EE7 /* UserLevelPushNotification */ = {
			isa = PBXGroup;
			children = (
				72865FF225FB286300999EE7 /* NotificationModuleTableViewCell.swift */,
				72865FC125FA155400999EE7 /* SwitchTableViewCell.swift */,
				72865FEE25FB26B200999EE7 /* UserLevelPushNotificationManager.swift */,
				72865FBC25F9DB0800999EE7 /* UserLevelPushNotificationsTableViewController.swift */,
				72865FF025FB26D500999EE7 /* UserNotificationModuleViewModel.swift */,
			);
			path = UserLevelPushNotification;
			sourceTree = "<group>";
		};
		787EDEA5268D6E3D00D51CDB /* Cell */ = {
			isa = PBXGroup;
			children = (
				787EDEA6268D6E4C00D51CDB /* CommunityFeedTableViewCell.swift */,
				787EDEA7268D6E4C00D51CDB /* CommunityFeedTableViewCell.xib */,
			);
			path = Cell;
			sourceTree = "<group>";
		};
		A0E2B1F326A7E66D00F1C4D5 /* Post */ = {
			isa = PBXGroup;
			children = (
				A0E2B1F626A8005F00F1C4D5 /* PostListPage.swift */,
				A0E2B1F426A7E6C400F1C4D5 /* PostQuerySettingsPage.swift */,
			);
			path = Post;
			sourceTree = "<group>";
		};
		A743ED92237E5B040086D59A /* EkoEditViewController */ = {
			isa = PBXGroup;
			children = (
				A743ED93237E5CAC0086D59A /* AmityEditMessageViewController.swift */,
			);
			path = EkoEditViewController;
			sourceTree = "<group>";
		};
		F0A1D9F32093103F0051BAC9 /* Frameworks */ = {
			isa = PBXGroup;
			children = (
				1A320906261F21BA00F470D3 /* AmitySDK.xcframework */,
				A02627B925AC229200D43315 /* Realm.xcframework */,
				6437EBE520C791E9007F2F4B /* QuartzCore.framework */,
				F0A1D9F62093104E0051BAC9 /* AVKit.framework */,
				F0A1D9F42093103F0051BAC9 /* AVFoundation.framework */,
			);
			name = Frameworks;
			sourceTree = "<group>";
		};
/* End PBXGroup section */

/* Begin PBXNativeTarget section */
		637D701D204F26060033A53C /* SampleApp */ = {
			isa = PBXNativeTarget;
			buildConfigurationList = 637D7034204F26060033A53C /* Build configuration list for PBXNativeTarget "SampleApp" */;
			buildPhases = (
				637D701A204F26060033A53C /* Sources */,
				637D701B204F26060033A53C /* Frameworks */,
				637D701C204F26060033A53C /* Resources */,
				A02627BF25AC229200D43315 /* Embed Frameworks */,
			);
			buildRules = (
			);
			dependencies = (
			);
			name = SampleApp;
			productName = SampleApp;
			productReference = 637D701E204F26060033A53C /* SampleApp.app */;
			productType = "com.apple.product-type.application";
		};
/* End PBXNativeTarget section */

/* Begin PBXProject section */
		637D7016204F26060033A53C /* Project object */ = {
			isa = PBXProject;
			attributes = {
				LastUpgradeCheck = 1220;
				ORGANIZATIONNAME = "David Zhang";
				TargetAttributes = {
					637D701D204F26060033A53C = {
						CreatedOnToolsVersion = 9.2;
						DevelopmentTeam = 37Z583JR6K;
						LastSwiftMigration = 0930;
						ProvisioningStyle = Automatic;
						SystemCapabilities = {
							com.apple.BackgroundModes = {
								enabled = 1;
							};
							com.apple.Push = {
								enabled = 1;
							};
							com.apple.iCloud = {
								enabled = 1;
							};
						};
					};
				};
			};
			buildConfigurationList = 637D7019204F26060033A53C /* Build configuration list for PBXProject "SampleApp" */;
			compatibilityVersion = "Xcode 8.0";
			developmentRegion = en;
			hasScannedForEncodings = 0;
			knownRegions = (
				en,
				Base,
			);
			mainGroup = 637D7015204F26060033A53C;
			productRefGroup = 637D701F204F26060033A53C /* Products */;
			projectDirPath = "";
			projectRoot = "";
			targets = (
				637D701D204F26060033A53C /* SampleApp */,
			);
		};
/* End PBXProject section */

/* Begin PBXResourcesBuildPhase section */
		637D701C204F26060033A53C /* Resources */ = {
			isa = PBXResourcesBuildPhase;
			buildActionMask = 2147483647;
			files = (
				1A80D99D260A60BC00733767 /* AddTagTableViewCell.xib in Resources */,
				787EDEA9268D6E4C00D51CDB /* CommunityFeedTableViewCell.xib in Resources */,
				A74193E323597984006D404C /* SampleAppTableViewCell.xib in Resources */,
				A74193E423597984006D404C /* Chats.storyboard in Resources */,
				6438BDAC2327B43C00A1CFFB /* Home.storyboard in Resources */,
				A74193E223597984006D404C /* LaunchScreen.storyboard in Resources */,
				A7481E1D23B1CA8100F41F59 /* ReactionViewCell.xib in Resources */,
				A74193E523597984006D404C /* ChannelSettings.storyboard in Resources */,
				637D7059204F26670033A53C /* Assets.xcassets in Resources */,
				1A3CC4F92456A575008A26D0 /* Feed.storyboard in Resources */,
				6438BDA02327AD7000A1CFFB /* GlobalSettings.storyboard in Resources */,
				6438BDAE2328DC5B00A1CFFB /* Home.xcassets in Resources */,
				787EDEA4268D6C8400D51CDB /* CommunityFeedViewController.xib in Resources */,
				6438BDB02328DCE000A1CFFB /* Chats.xcassets in Resources */,
			);
			runOnlyForDeploymentPostprocessing = 0;
		};
/* End PBXResourcesBuildPhase section */

/* Begin PBXSourcesBuildPhase section */
		637D701A204F26060033A53C /* Sources */ = {
			isa = PBXSourcesBuildPhase;
			buildActionMask = 2147483647;
			files = (
				1A76C71D25E60DCD00D4FE5E /* CommentCreateTestView.swift in Sources */,
				45D4EB7024DD042000AA4EB4 /* CommunityMemberView.swift in Sources */,
				1AA24DEB252CA74200050200 /* SwiftUIImagePicker.swift in Sources */,
				1A143EEA24695CE2001107CF /* UserListViewController.swift in Sources */,
				1A3CC5042456C6BB008A26D0 /* NewUserPostsViewController.swift in Sources */,
				64215E37225DBDE00034B04B /* MembershipListDataSource.swift in Sources */,
				4551E88624BC72C600E44E37 /* CommunityListViewModel.swift in Sources */,
				A7B1842C235839B7001CCB41 /* AmityChatFileViewCell.swift in Sources */,
				787EDEA3268D6C8400D51CDB /* CommunityFeedViewController.swift in Sources */,
				1A995F122456E8220052BD66 /* FeedPostMultilineLabelCell.swift in Sources */,
				1AA24DBE252B28C300050200 /* ListViewController.swift in Sources */,
				6480449922B39375000DD097 /* ChannelLevelPushNotificationManager.swift in Sources */,
				1AFFECC425380D45004B8663 /* TestController.swift in Sources */,
				45D38CBD24CABF1600CA957E /* UserFeedItemView.swift in Sources */,
				640C63F621662A5200741FD1 /* ChannelListTableViewController.swift in Sources */,
				456D83C72490AF52005846E6 /* UserPostCommentManager.swift in Sources */,
				64B50936229BE6EC001AE203 /* AppDelegate.swift in Sources */,
				1A995F162456EAA70052BD66 /* FeedTableViewCell.swift in Sources */,
				45920CCB24BC060400365FA1 /* CommunityEditorView.swift in Sources */,
				64269134228A754A00774D64 /* MessageDataSource.swift in Sources */,
				64054D0622AF683A006E1CEE /* AmityErrorCode.swift in Sources */,
				72865FBD25F9DB0800999EE7 /* UserLevelPushNotificationsTableViewController.swift in Sources */,
				64BBACA622B22B60009EC435 /* PushNotificationsTableViewController.swift in Sources */,
				646AB6FE22784A8000B71128 /* HomeViewController.swift in Sources */,
				458C5C9C24C984E80000D813 /* CommunityDetailView.swift in Sources */,
				A7A3B3B223B0D1CD00D7D7B4 /* AmityAddReactionsViewController.swift in Sources */,
				1A8915CE258B4351008EEB01 /* UserPermissionView.swift in Sources */,
				649676342271B6C800F0B24B /* AmityChatTextTableViewCell.swift in Sources */,
				A0E2B1F726A8005F00F1C4D5 /* PostListPage.swift in Sources */,
				A74193E72359A8E2006D404C /* AmityCustomViewController.swift in Sources */,
				1A32431F249366F600BA6408 /* AppProtocols.swift in Sources */,
				646AB71822819D1600B71128 /* DisplayNameButtonController.swift in Sources */,
				456D83C92490BC12005846E6 /* UserPostCommentsViewController.swift in Sources */,
				64AAAFC322B9F96600C4784B /* TextInputTableViewCell.swift in Sources */,
				72865FEF25FB26B200999EE7 /* UserLevelPushNotificationManager.swift in Sources */,
				A7481E1C23B1CA8100F41F59 /* ReactionViewCell.swift in Sources */,
				643416E72269D609006C516C /* ChannelTagsDataSource.swift in Sources */,
				1AEC8C6B2522DFB200793B48 /* ChannelFilterView.swift in Sources */,
				1A65FC3624613C5F006CBA50 /* UserPostsFeedManager.swift in Sources */,
				72865FC325FA155400999EE7 /* SwitchTableViewCell.swift in Sources */,
				1A17451624D80B7E00D524C8 /* CommunityCategoryListView.swift in Sources */,
				1A995F142456E83B0052BD66 /* FeedPostFooterCell.swift in Sources */,
				1A143EEC24695CE2001107CF /* UserListTableViewCell.swift in Sources */,
				729844C925C96D710026A7B9 /* ChildCommentViewCell.swift in Sources */,
				D4EC7B9A260E491E00921A6D /* FeedPostCommentsCell.swift in Sources */,
				6426912F228965F300774D64 /* AmityMessagesTableViewController.swift in Sources */,
				1AA24DC0252B85B200050200 /* UserQueryView.swift in Sources */,
				64054D0D22B0BB13006E1CEE /* CommentTableViewCell.swift in Sources */,
				787EDEA0268CEDC400D51CDB /* CommunityDetailViewModel.swift in Sources */,
				64054D0A22AFB009006E1CEE /* AmityCommentsTableViewController.swift in Sources */,
				646AB7152281951E00B71128 /* ChannelsTableViewControllerDelegate.swift in Sources */,
				1A143EEB24695CE2001107CF /* UserListManager.swift in Sources */,
				6419F5A722730A860028F738 /* ChannelListDataSource.swift in Sources */,
				72B1C0AC2678CF6300044EE2 /* FollowInfoViewController.swift in Sources */,
				64215E33225DA6DC0034B04B /* MembershipListTableViewController.swift in Sources */,
				45920CCD24BC155A00365FA1 /* AmityManager.swift in Sources */,
				1A3CC4F52456A38D008A26D0 /* MainTabViewController.swift in Sources */,
				64E1EAB622A9153C004DF57D /* PushNotificationRegistrationManager.swift in Sources */,
				A7AA3DE723ED3A8B004A9B54 /* AmityChannelSelectionViewController.swift in Sources */,
				643416E42269CED4006C516C /* ChannelTagsTableViewController.swift in Sources */,
				645D36E5228C03CE003F19E0 /* ConnectionStatusLEDViewController.swift in Sources */,
				64EF25C4233094C9009700ED /* AmityKeyboardService.swift in Sources */,
				45920CD524BC3C0000365FA1 /* CommunityEditorViewModel.swift in Sources */,
				1AA24DEE252CB07600050200 /* ChannelDetailsView.swift in Sources */,
				72865FF325FB286300999EE7 /* NotificationModuleTableViewCell.swift in Sources */,
				A0E2B1F526A7E6C400F1C4D5 /* PostQuerySettingsPage.swift in Sources */,
				1AFA446F252E260500ED1941 /* CommunityParticipationView.swift in Sources */,
				64054D0B22AFB009006E1CEE /* CommentsDataSource.swift in Sources */,
				7249B17A26774DE000721D4D /* FollowListTableViewCell.swift in Sources */,
				64B7821622F9667600DC223C /* ParentFilterPreferenceViewController.swift in Sources */,
				1A3208C8261E2DA800F470D3 /* UserUpdateManager.swift in Sources */,
				787EDE9A268CE83E00D51CDB /* CommunityFeedViewModel.swift in Sources */,
				A7B1842E23583A6C001CCB41 /* Data+Extensions.swift in Sources */,
				64054D0422AF681D006E1CEE /* AmityChannelType.swift in Sources */,
				64BBACA322B220DD009EC435 /* ChannelSettingsTableViewController.swift in Sources */,
				1AEAF16B2567909900FF46AB /* AudioMessageHandler.swift in Sources */,
				6439125E20EC882D002B19F6 /* NSString+Amity.m in Sources */,
				645C934022FAD22500BB932A /* AmityChatViewController.swift in Sources */,
				1A78C8F124581B9B00C79010 /* FeedModels.swift in Sources */,
				64AAAFC522B9FA9D00C4784B /* CreateChannelTableViewController.swift in Sources */,
				A7481E1923B1C13900F41F59 /* AmityReactionsViewController.swift in Sources */,
				45F4EE9024B825BB00AFC32E /* CommunityView.swift in Sources */,
				1AD291D7252611E500367C99 /* ChannelUpdateViewModel.swift in Sources */,
				72865FF125FB26D500999EE7 /* UserNotificationModuleViewModel.swift in Sources */,
				64C87AC7225EF621003B6E87 /* SampleAppTableViewCell.swift in Sources */,
				787EDEA8268D6E4C00D51CDB /* CommunityFeedTableViewCell.swift in Sources */,
				6480449322B38EA4000DD097 /* PushNotificationState.swift in Sources */,
				A739ADC423B9B547008FBE12 /* ReactionDatasource.swift in Sources */,
				1A964598247B92A5003C40BF /* UserPostReactionsViewController.swift in Sources */,
				1A8915B3258A2008008EEB01 /* CommunityMemberViewModel.swift in Sources */,
				1A1CD6D524A5A267002503F4 /* Log.swift in Sources */,
				456D83CB2490DEC6005846E6 /* CommentViewCell.swift in Sources */,
				1A79B0FA25F0938500D03E62 /* LatestCommentView.swift in Sources */,
				64269132228A70E900774D64 /* FlagManager.swift in Sources */,
				646B55AD22F02D290030C91F /* TagManager.swift in Sources */,
				A743ED94237E5CAC0086D59A /* AmityEditMessageViewController.swift in Sources */,
				1AA24DE7252CA65800050200 /* UIKitImagePicker.swift in Sources */,
				64B0D1FC2186FD2400D01FB6 /* UserDefaults.swift in Sources */,
				7249B1772677480500721D4D /* FollowListViewController.swift in Sources */,
				64B0D1FA2186D5F300D01FB6 /* FilterByTagPreferenceTableViewController.swift in Sources */,
				1AA24DB8252B26A400050200 /* PostFlagManager.swift in Sources */,
				1A8B76A82643B2920068799C /* CustomMessageView.swift in Sources */,
				1A995F102456E8120052BD66 /* FeedPostHeaderCell.swift in Sources */,
				64D5C0A420AC40BF005B077D /* AmityChatImageTableViewCell.swift in Sources */,
				1A7B755124BD72C600C9758D /* UserPostsFeedManager+Extension.swift in Sources */,
				1A3CC4FD2456A5DC008A26D0 /* UIView+Extension.swift in Sources */,
				1A3CC4FB2456A5A6008A26D0 /* UserPostsFeedViewController.swift in Sources */,
				648E1A3C22C9F8310064CF8B /* SortingPreferenceTableViewController.swift in Sources */,
				6419F5AB2276B6220028F738 /* ChannelListTableViewCellConfigurator.swift in Sources */,
				1AD291D525260F9300367C99 /* ChannelUpdateView.swift in Sources */,
				45D38CBC24CABF1600CA957E /* UserFeedItemHeaderView.swift in Sources */,
				64E1EAB422A9153C004DF57D /* MoreTableViewController.swift in Sources */,
				64E1EAB722A9153C004DF57D /* AboutTableViewController.swift in Sources */,
				6480449522B39322000DD097 /* PushNotificationsManager.swift in Sources */,
				45920CDE24BC56C200365FA1 /* Extensions.swift in Sources */,
				64E1EAB522A9153C004DF57D /* NotificationRegistrationTableViewController.swift in Sources */,
				645D36E4228C03CE003F19E0 /* UnreadCountLabelController.swift in Sources */,
				A704FC602408BB16002177A1 /* StringExtension.swift in Sources */,
				1AB90836252ECCC4001E0310 /* ApiKeyView.swift in Sources */,
				1A04C07E24B884670097570B /* FeedPostImageCell.swift in Sources */,
			);
			runOnlyForDeploymentPostprocessing = 0;
		};
/* End PBXSourcesBuildPhase section */

/* Begin XCBuildConfiguration section */
		637D7032204F26060033A53C /* Debug */ = {
			isa = XCBuildConfiguration;
			buildSettings = {
				ALWAYS_SEARCH_USER_PATHS = NO;
				CLANG_ANALYZER_NONNULL = YES;
				CLANG_ANALYZER_NUMBER_OBJECT_CONVERSION = YES_AGGRESSIVE;
				CLANG_CXX_LANGUAGE_STANDARD = "gnu++14";
				CLANG_CXX_LIBRARY = "libc++";
				CLANG_ENABLE_MODULES = YES;
				CLANG_ENABLE_OBJC_ARC = YES;
				CLANG_WARN_BLOCK_CAPTURE_AUTORELEASING = YES;
				CLANG_WARN_BOOL_CONVERSION = YES;
				CLANG_WARN_COMMA = YES;
				CLANG_WARN_CONSTANT_CONVERSION = YES;
				CLANG_WARN_DEPRECATED_OBJC_IMPLEMENTATIONS = YES;
				CLANG_WARN_DIRECT_OBJC_ISA_USAGE = YES_ERROR;
				CLANG_WARN_DOCUMENTATION_COMMENTS = YES;
				CLANG_WARN_EMPTY_BODY = YES;
				CLANG_WARN_ENUM_CONVERSION = YES;
				CLANG_WARN_INFINITE_RECURSION = YES;
				CLANG_WARN_INT_CONVERSION = YES;
				CLANG_WARN_NON_LITERAL_NULL_CONVERSION = YES;
				CLANG_WARN_OBJC_IMPLICIT_RETAIN_SELF = YES;
				CLANG_WARN_OBJC_LITERAL_CONVERSION = YES;
				CLANG_WARN_OBJC_ROOT_CLASS = YES_ERROR;
				CLANG_WARN_QUOTED_INCLUDE_IN_FRAMEWORK_HEADER = YES;
				CLANG_WARN_RANGE_LOOP_ANALYSIS = YES;
				CLANG_WARN_STRICT_PROTOTYPES = YES;
				CLANG_WARN_SUSPICIOUS_MOVE = YES;
				CLANG_WARN_UNGUARDED_AVAILABILITY = YES_AGGRESSIVE;
				CLANG_WARN_UNREACHABLE_CODE = YES;
				CLANG_WARN__DUPLICATE_METHOD_MATCH = YES;
				CODE_SIGN_IDENTITY = "iPhone Developer";
				COPY_PHASE_STRIP = NO;
				DEBUG_INFORMATION_FORMAT = dwarf;
				ENABLE_STRICT_OBJC_MSGSEND = YES;
				ENABLE_TESTABILITY = YES;
				GCC_C_LANGUAGE_STANDARD = gnu11;
				GCC_DYNAMIC_NO_PIC = NO;
				GCC_NO_COMMON_BLOCKS = YES;
				GCC_OPTIMIZATION_LEVEL = 0;
				GCC_PREPROCESSOR_DEFINITIONS = (
					"DEBUG=1",
					"$(inherited)",
				);
				GCC_WARN_64_TO_32_BIT_CONVERSION = YES;
				GCC_WARN_ABOUT_RETURN_TYPE = YES_ERROR;
				GCC_WARN_UNDECLARED_SELECTOR = YES;
				GCC_WARN_UNINITIALIZED_AUTOS = YES_AGGRESSIVE;
				GCC_WARN_UNUSED_FUNCTION = YES;
				GCC_WARN_UNUSED_VARIABLE = YES;
				IPHONEOS_DEPLOYMENT_TARGET = 12.0;
				MTL_ENABLE_DEBUG_INFO = YES;
				ONLY_ACTIVE_ARCH = YES;
				SDKROOT = iphoneos;
			};
			name = Debug;
		};
		637D7033204F26060033A53C /* Release */ = {
			isa = XCBuildConfiguration;
			buildSettings = {
				ALWAYS_SEARCH_USER_PATHS = NO;
				CLANG_ANALYZER_NONNULL = YES;
				CLANG_ANALYZER_NUMBER_OBJECT_CONVERSION = YES_AGGRESSIVE;
				CLANG_CXX_LANGUAGE_STANDARD = "gnu++14";
				CLANG_CXX_LIBRARY = "libc++";
				CLANG_ENABLE_MODULES = YES;
				CLANG_ENABLE_OBJC_ARC = YES;
				CLANG_WARN_BLOCK_CAPTURE_AUTORELEASING = YES;
				CLANG_WARN_BOOL_CONVERSION = YES;
				CLANG_WARN_COMMA = YES;
				CLANG_WARN_CONSTANT_CONVERSION = YES;
				CLANG_WARN_DEPRECATED_OBJC_IMPLEMENTATIONS = YES;
				CLANG_WARN_DIRECT_OBJC_ISA_USAGE = YES_ERROR;
				CLANG_WARN_DOCUMENTATION_COMMENTS = YES;
				CLANG_WARN_EMPTY_BODY = YES;
				CLANG_WARN_ENUM_CONVERSION = YES;
				CLANG_WARN_INFINITE_RECURSION = YES;
				CLANG_WARN_INT_CONVERSION = YES;
				CLANG_WARN_NON_LITERAL_NULL_CONVERSION = YES;
				CLANG_WARN_OBJC_IMPLICIT_RETAIN_SELF = YES;
				CLANG_WARN_OBJC_LITERAL_CONVERSION = YES;
				CLANG_WARN_OBJC_ROOT_CLASS = YES_ERROR;
				CLANG_WARN_QUOTED_INCLUDE_IN_FRAMEWORK_HEADER = YES;
				CLANG_WARN_RANGE_LOOP_ANALYSIS = YES;
				CLANG_WARN_STRICT_PROTOTYPES = YES;
				CLANG_WARN_SUSPICIOUS_MOVE = YES;
				CLANG_WARN_UNGUARDED_AVAILABILITY = YES_AGGRESSIVE;
				CLANG_WARN_UNREACHABLE_CODE = YES;
				CLANG_WARN__DUPLICATE_METHOD_MATCH = YES;
				CODE_SIGN_IDENTITY = "iPhone Developer";
				COPY_PHASE_STRIP = NO;
				DEBUG_INFORMATION_FORMAT = "dwarf-with-dsym";
				ENABLE_NS_ASSERTIONS = NO;
				ENABLE_STRICT_OBJC_MSGSEND = YES;
				GCC_C_LANGUAGE_STANDARD = gnu11;
				GCC_NO_COMMON_BLOCKS = YES;
				GCC_WARN_64_TO_32_BIT_CONVERSION = YES;
				GCC_WARN_ABOUT_RETURN_TYPE = YES_ERROR;
				GCC_WARN_UNDECLARED_SELECTOR = YES;
				GCC_WARN_UNINITIALIZED_AUTOS = YES_AGGRESSIVE;
				GCC_WARN_UNUSED_FUNCTION = YES;
				GCC_WARN_UNUSED_VARIABLE = YES;
				IPHONEOS_DEPLOYMENT_TARGET = 12.0;
				MTL_ENABLE_DEBUG_INFO = NO;
				SDKROOT = iphoneos;
				SWIFT_COMPILATION_MODE = wholemodule;
				VALIDATE_PRODUCT = YES;
			};
			name = Release;
		};
		637D7035204F26060033A53C /* Debug */ = {
			isa = XCBuildConfiguration;
			buildSettings = {
				ASSETCATALOG_COMPILER_APPICON_NAME = AppIcon;
				CLANG_ENABLE_MODULES = YES;
				CODE_SIGN_ENTITLEMENTS = SampleApp/SampleApp.entitlements;
				CODE_SIGN_IDENTITY = "iPhone Distribution";
				CODE_SIGN_STYLE = Automatic;
				CURRENT_PROJECT_VERSION = 1;
				DEVELOPMENT_TEAM = 37Z583JR6K;
				FRAMEWORK_SEARCH_PATHS = (
					"$(inherited)",
					"$(PROJECT_DIR)/../Frameworks",
				);
				GCC_PREPROCESSOR_DEFINITIONS = (
					"$(inherited)",
					"DEBUG=1",
				);
				INFOPLIST_FILE = SampleApp/Info.plist;
				IPHONEOS_DEPLOYMENT_TARGET = 13.5;
				LD_RUNPATH_SEARCH_PATHS = (
					"$(inherited)",
					"@executable_path/Frameworks",
				);
				MARKETING_VERSION = 2.1.1;
				PRODUCT_BUNDLE_IDENTIFIER = com.ekoenterprise.ekochatsample;
				PRODUCT_NAME = "$(TARGET_NAME)";
				PROVISIONING_PROFILE = "b9e36c8f-bd19-48bc-a757-ade174b8bde8";
				PROVISIONING_PROFILE_SPECIFIER = "match InHouse com.ekoenterprise.ekochatsample";
				SWIFT_OBJC_BRIDGING_HEADER = "SampleApp/EkoChatViewController/EkoMessagesTableViewController/Cells/SampleApp-Bridging-Header.h";
				SWIFT_OPTIMIZATION_LEVEL = "-Onone";
				SWIFT_VERSION = 5.0;
				TARGETED_DEVICE_FAMILY = 1;
				VERSIONING_SYSTEM = "apple-generic";
			};
			name = Debug;
		};
		637D7036204F26060033A53C /* Release */ = {
			isa = XCBuildConfiguration;
			buildSettings = {
				ASSETCATALOG_COMPILER_APPICON_NAME = AppIcon;
				CLANG_ENABLE_MODULES = YES;
				CODE_SIGN_ENTITLEMENTS = SampleApp/SampleApp.entitlements;
				CODE_SIGN_IDENTITY = "iPhone Distribution";
				CODE_SIGN_STYLE = Automatic;
				CURRENT_PROJECT_VERSION = 1;
				DEVELOPMENT_TEAM = 37Z583JR6K;
				FRAMEWORK_SEARCH_PATHS = (
					"$(inherited)",
					"$(PROJECT_DIR)/../Frameworks",
				);
				INFOPLIST_FILE = SampleApp/Info.plist;
				IPHONEOS_DEPLOYMENT_TARGET = 13.5;
				LD_RUNPATH_SEARCH_PATHS = (
					"$(inherited)",
					"@executable_path/Frameworks",
				);
				MARKETING_VERSION = 2.1.1;
				PRODUCT_BUNDLE_IDENTIFIER = com.ekoenterprise.ekochatsample;
				PRODUCT_NAME = "$(TARGET_NAME)";
				PROVISIONING_PROFILE = "2bd1268a-3211-4eb3-b00c-6f15490b2cb5";
				PROVISIONING_PROFILE_SPECIFIER = "match InHouse com.ekoenterprise.ekochatsample";
				SWIFT_OBJC_BRIDGING_HEADER = "SampleApp/EkoChatViewController/EkoMessagesTableViewController/Cells/SampleApp-Bridging-Header.h";
				SWIFT_VERSION = 5.0;
				TARGETED_DEVICE_FAMILY = 1;
				VERSIONING_SYSTEM = "apple-generic";
			};
			name = Release;
		};
/* End XCBuildConfiguration section */

/* Begin XCConfigurationList section */
		637D7019204F26060033A53C /* Build configuration list for PBXProject "SampleApp" */ = {
			isa = XCConfigurationList;
			buildConfigurations = (
				637D7032204F26060033A53C /* Debug */,
				637D7033204F26060033A53C /* Release */,
			);
			defaultConfigurationIsVisible = 0;
			defaultConfigurationName = Release;
		};
		637D7034204F26060033A53C /* Build configuration list for PBXNativeTarget "SampleApp" */ = {
			isa = XCConfigurationList;
			buildConfigurations = (
				637D7035204F26060033A53C /* Debug */,
				637D7036204F26060033A53C /* Release */,
			);
			defaultConfigurationIsVisible = 0;
			defaultConfigurationName = Release;
		};
/* End XCConfigurationList section */
	};
	rootObject = 637D7016204F26060033A53C /* Project object */;
}
